// !$*UTF8*$!
{
	archiveVersion = 1;
	classes = {
	};
	objectVersion = 46;
	objects = {

/* Begin PBXBuildFile section */
		CC8CB95A1C3CFBC400C4A1E0 /* main.m in Sources */ = {isa = PBXBuildFile; fileRef = CC8CB9591C3CFBC400C4A1E0 /* main.m */; };
		CC8CB95D1C3CFBC500C4A1E0 /* AppDelegate.m in Sources */ = {isa = PBXBuildFile; fileRef = CC8CB95C1C3CFBC500C4A1E0 /* AppDelegate.m */; };
		CC8CB9601C3CFBC500C4A1E0 /* ViewController.m in Sources */ = {isa = PBXBuildFile; fileRef = CC8CB95F1C3CFBC500C4A1E0 /* ViewController.m */; };
		CC8CB9631C3CFBC500C4A1E0 /* Main.storyboard in Resources */ = {isa = PBXBuildFile; fileRef = CC8CB9611C3CFBC500C4A1E0 /* Main.storyboard */; };
		CC8CB9651C3CFBC500C4A1E0 /* Assets.xcassets in Resources */ = {isa = PBXBuildFile; fileRef = CC8CB9641C3CFBC500C4A1E0 /* Assets.xcassets */; };
		CC8CB9681C3CFBC500C4A1E0 /* LaunchScreen.storyboard in Resources */ = {isa = PBXBuildFile; fileRef = CC8CB9661C3CFBC500C4A1E0 /* LaunchScreen.storyboard */; };
		CC8CB9711C3D0A9500C4A1E0 /* tap1.caf in Resources */ = {isa = PBXBuildFile; fileRef = CC8CB9701C3D0A9500C4A1E0 /* tap1.caf */; };
/* End PBXBuildFile section */

/* Begin PBXFileReference section */
		CC8CB9551C3CFBC400C4A1E0 /* test-20160106-01.app */ = {isa = PBXFileReference; explicitFileType = wrapper.application; includeInIndex = 0; path = "test-20160106-01.app"; sourceTree = BUILT_PRODUCTS_DIR; };
		CC8CB9591C3CFBC400C4A1E0 /* main.m */ = {isa = PBXFileReference; lastKnownFileType = sourcecode.c.objc; path = main.m; sourceTree = "<group>"; };
		CC8CB95B1C3CFBC500C4A1E0 /* AppDelegate.h */ = {isa = PBXFileReference; lastKnownFileType = sourcecode.c.h; path = AppDelegate.h; sourceTree = "<group>"; };
		CC8CB95C1C3CFBC500C4A1E0 /* AppDelegate.m */ = {isa = PBXFileReference; lastKnownFileType = sourcecode.c.objc; path = AppDelegate.m; sourceTree = "<group>"; };
		CC8CB95E1C3CFBC500C4A1E0 /* ViewController.h */ = {isa = PBXFileReference; lastKnownFileType = sourcecode.c.h; path = ViewController.h; sourceTree = "<group>"; };
		CC8CB95F1C3CFBC500C4A1E0 /* ViewController.m */ = {isa = PBXFileReference; lastKnownFileType = sourcecode.c.objc; path = ViewController.m; sourceTree = "<group>"; };
		CC8CB9621C3CFBC500C4A1E0 /* Base */ = {isa = PBXFileReference; lastKnownFileType = file.storyboard; name = Base; path = Base.lproj/Main.storyboard; sourceTree = "<group>"; };
		CC8CB9641C3CFBC500C4A1E0 /* Assets.xcassets */ = {isa = PBXFileReference; lastKnownFileType = folder.assetcatalog; path = Assets.xcassets; sourceTree = "<group>"; };
		CC8CB9671C3CFBC500C4A1E0 /* Base */ = {isa = PBXFileReference; lastKnownFileType = file.storyboard; name = Base; path = Base.lproj/LaunchScreen.storyboard; sourceTree = "<group>"; };
		CC8CB9691C3CFBC500C4A1E0 /* Info.plist */ = {isa = PBXFileReference; lastKnownFileType = text.plist.xml; path = Info.plist; sourceTree = "<group>"; };
		CC8CB9701C3D0A9500C4A1E0 /* tap1.caf */ = {isa = PBXFileReference; lastKnownFileType = file; path = tap1.caf; sourceTree = "<group>"; };
/* End PBXFileReference section */

/* Begin PBXFrameworksBuildPhase section */
		CC8CB9521C3CFBC400C4A1E0 /* Frameworks */ = {
			isa = PBXFrameworksBuildPhase;
			buildActionMask = 2147483647;
			files = (
			);
			runOnlyForDeploymentPostprocessing = 0;
		};
/* End PBXFrameworksBuildPhase section */

/* Begin PBXGroup section */
		CC8CB94C1C3CFBC400C4A1E0 = {
			isa = PBXGroup;
			children = (
				CC8CB9571C3CFBC400C4A1E0 /* test-20160106-01 */,
				CC8CB9561C3CFBC400C4A1E0 /* Products */,
			);
			sourceTree = "<group>";
		};
		CC8CB9561C3CFBC400C4A1E0 /* Products */ = {
			isa = PBXGroup;
			children = (
				CC8CB9551C3CFBC400C4A1E0 /* test-20160106-01.app */,
			);
			name = Products;
			sourceTree = "<group>";
		};
		CC8CB9571C3CFBC400C4A1E0 /* test-20160106-01 */ = {
			isa = PBXGroup;
			children = (
				CC8CB95B1C3CFBC500C4A1E0 /* AppDelegate.h */,
				CC8CB95C1C3CFBC500C4A1E0 /* AppDelegate.m */,
				CC8CB95E1C3CFBC500C4A1E0 /* ViewController.h */,
				CC8CB95F1C3CFBC500C4A1E0 /* ViewController.m */,
				CC8CB9611C3CFBC500C4A1E0 /* Main.storyboard */,
				CC8CB9641C3CFBC500C4A1E0 /* Assets.xcassets */,
				CC8CB9661C3CFBC500C4A1E0 /* LaunchScreen.storyboard */,
				CC8CB9691C3CFBC500C4A1E0 /* Info.plist */,
				CC8CB9581C3CFBC400C4A1E0 /* Supporting Files */,
			);
			path = "test-20160106-01";
			sourceTree = "<group>";
		};
		CC8CB9581C3CFBC400C4A1E0 /* Supporting Files */ = {
			isa = PBXGroup;
			children = (
				CC8CB9701C3D0A9500C4A1E0 /* tap1.caf */,
				CC8CB9591C3CFBC400C4A1E0 /* main.m */,
			);
			name = "Supporting Files";
			sourceTree = "<group>";
		};
/* End PBXGroup section */

/* Begin PBXNativeTarget section */
		CC8CB9541C3CFBC400C4A1E0 /* test-20160106-01 */ = {
			isa = PBXNativeTarget;
			buildConfigurationList = CC8CB96C1C3CFBC500C4A1E0 /* Build configuration list for PBXNativeTarget "test-20160106-01" */;
			buildPhases = (
				CC8CB9511C3CFBC400C4A1E0 /* Sources */,
				CC8CB9521C3CFBC400C4A1E0 /* Frameworks */,
				CC8CB9531C3CFBC400C4A1E0 /* Resources */,
			);
			buildRules = (
			);
			dependencies = (
			);
			name = "test-20160106-01";
			productName = "test-20160106-01";
			productReference = CC8CB9551C3CFBC400C4A1E0 /* test-20160106-01.app */;
			productType = "com.apple.product-type.application";
		};
/* End PBXNativeTarget section */

/* Begin PBXProject section */
		CC8CB94D1C3CFBC400C4A1E0 /* Project object */ = {
			isa = PBXProject;
			attributes = {
				LastUpgradeCheck = 0720;
				ORGANIZATIONNAME = qy15092;
				TargetAttributes = {
					CC8CB9541C3CFBC400C4A1E0 = {
						CreatedOnToolsVersion = 7.2;
					};
				};
			};
			buildConfigurationList = CC8CB9501C3CFBC400C4A1E0 /* Build configuration list for PBXProject "test-20160106-01" */;
			compatibilityVersion = "Xcode 3.2";
			developmentRegion = English;
			hasScannedForEncodings = 0;
			knownRegions = (
				en,
				Base,
			);
			mainGroup = CC8CB94C1C3CFBC400C4A1E0;
			productRefGroup = CC8CB9561C3CFBC400C4A1E0 /* Products */;
			projectDirPath = "";
			projectRoot = "";
			targets = (
				CC8CB9541C3CFBC400C4A1E0 /* test-20160106-01 */,
			);
		};
/* End PBXProject section */

/* Begin PBXResourcesBuildPhase section */
		CC8CB9531C3CFBC400C4A1E0 /* Resources */ = {
			isa = PBXResourcesBuildPhase;
			buildActionMask = 2147483647;
			files = (
				CC8CB9681C3CFBC500C4A1E0 /* LaunchScreen.storyboard in Resources */,
				CC8CB9651C3CFBC500C4A1E0 /* Assets.xcassets in Resources */,
				CC8CB9711C3D0A9500C4A1E0 /* tap1.caf in Resources */,
				CC8CB9631C3CFBC500C4A1E0 /* Main.storyboard in Resources */,
			);
			runOnlyForDeploymentPostprocessing = 0;
		};
/* End PBXResourcesBuildPhase section */

/* Begin PBXSourcesBuildPhase section */
		CC8CB9511C3CFBC400C4A1E0 /* Sources */ = {
			isa = PBXSourcesBuildPhase;
			buildActionMask = 2147483647;
			files = (
				CC8CB9601C3CFBC500C4A1E0 /* ViewController.m in Sources */,
				CC8CB95D1C3CFBC500C4A1E0 /* AppDelegate.m in Sources */,
				CC8CB95A1C3CFBC400C4A1E0 /* main.m in Sources */,
			);
			runOnlyForDeploymentPostprocessing = 0;
		};
/* End PBXSourcesBuildPhase section */

/* Begin PBXVariantGroup section */
		CC8CB9611C3CFBC500C4A1E0 /* Main.storyboard */ = {
			isa = PBXVariantGroup;
			children = (
				CC8CB9621C3CFBC500C4A1E0 /* Base */,
			);
			name = Main.storyboard;
			sourceTree = "<group>";
		};
		CC8CB9661C3CFBC500C4A1E0 /* LaunchScreen.storyboard */ = {
			isa = PBXVariantGroup;
			children = (
				CC8CB9671C3CFBC500C4A1E0 /* Base */,
			);
			name = LaunchScreen.storyboard;
			sourceTree = "<group>";
		};
/* End PBXVariantGroup section */

/* Begin XCBuildConfiguration section */
		CC8CB96A1C3CFBC500C4A1E0 /* Debug */ = {
			isa = XCBuildConfiguration;
			buildSettings = {
				ALWAYS_SEARCH_USER_PATHS = NO;
				CLANG_CXX_LANGUAGE_STANDARD = "gnu++0x";
				CLANG_CXX_LIBRARY = "libc++";
				CLANG_ENABLE_MODULES = YES;
				CLANG_ENABLE_OBJC_ARC = YES;
				CLANG_WARN_BOOL_CONVERSION = YES;
				CLANG_WARN_CONSTANT_CONVERSION = YES;
				CLANG_WARN_DIRECT_OBJC_ISA_USAGE = YES_ERROR;
				CLANG_WARN_EMPTY_BODY = YES;
				CLANG_WARN_ENUM_CONVERSION = YES;
				CLANG_WARN_INT_CONVERSION = YES;
				CLANG_WARN_OBJC_ROOT_CLASS = YES_ERROR;
				CLANG_WARN_UNREACHABLE_CODE = YES;
				CLANG_WARN__DUPLICATE_METHOD_MATCH = YES;
				"CODE_SIGN_IDENTITY[sdk=iphoneos*]" = "iPhone Developer";
				COPY_PHASE_STRIP = NO;
				DEBUG_INFORMATION_FORMAT = dwarf;
				ENABLE_STRICT_OBJC_MSGSEND = YES;
				ENABLE_TESTABILITY = YES;
				GCC_C_LANGUAGE_STANDARD = gnu99;
				GCC_DYNAMIC_NO_PIC = NO;
				GCC_NO_COMMON_BLOCKS = YES;
				GCC_OPTIMIZATION_LEVEL = 0;
				GCC_PREPROCESSOR_DEFINITIONS = (
					"DEBUG=1",
					"$(inherited)",
				);
				GCC_WARN_64_TO_32_BIT_CONVERSION = YES;
				GCC_WARN_ABOUT_RETURN_TYPE = YES_ERROR;
				GCC_WARN_UNDECLARED_SELECTOR = YES;
				GCC_WARN_UNINITIALIZED_AUTOS = YES_AGGRESSIVE;
				GCC_WARN_UNUSED_FUNCTION = YES;
				GCC_WARN_UNUSED_VARIABLE = YES;
				IPHONEOS_DEPLOYMENT_TARGET = 9.2;
				MTL_ENABLE_DEBUG_INFO = YES;
				ONLY_ACTIVE_ARCH = YES;
				SDKROOT = iphoneos;
			};
			name = Debug;
		};
		CC8CB96B1C3CFBC500C4A1E0 /* Release */ = {
			isa = XCBuildConfiguration;
			buildSettings = {
				ALWAYS_SEARCH_USER_PATHS = NO;
				CLANG_CXX_LANGUAGE_STANDARD = "gnu++0x";
				CLANG_CXX_LIBRARY = "libc++";
				CLANG_ENABLE_MODULES = YES;
				CLANG_ENABLE_OBJC_ARC = YES;
				CLANG_WARN_BOOL_CONVERSION = YES;
				CLANG_WARN_CONSTANT_CONVERSION = YES;
				CLANG_WARN_DIRECT_OBJC_ISA_USAGE = YES_ERROR;
				CLANG_WARN_EMPTY_BODY = YES;
				CLANG_WARN_ENUM_CONVERSION = YES;
				CLANG_WARN_INT_CONVERSION = YES;
				CLANG_WARN_OBJC_ROOT_CLASS = YES_ERROR;
				CLANG_WARN_UNREACHABLE_CODE = YES;
				CLANG_WARN__DUPLICATE_METHOD_MATCH = YES;
				"CODE_SIGN_IDENTITY[sdk=iphoneos*]" = "iPhone Developer";
				COPY_PHASE_STRIP = NO;
				DEBUG_INFORMATION_FORMAT = "dwarf-with-dsym";
				ENABLE_NS_ASSERTIONS = NO;
				ENABLE_STRICT_OBJC_MSGSEND = YES;
				GCC_C_LANGUAGE_STANDARD = gnu99;
				GCC_NO_COMMON_BLOCKS = YES;
				GCC_WARN_64_TO_32_BIT_CONVERSION = YES;
				GCC_WARN_ABOUT_RETURN_TYPE = YES_ERROR;
				GCC_WARN_UNDECLARED_SELECTOR = YES;
				GCC_WARN_UNINITIALIZED_AUTOS = YES_AGGRESSIVE;
				GCC_WARN_UNUSED_FUNCTION = YES;
				GCC_WARN_UNUSED_VARIABLE = YES;
				IPHONEOS_DEPLOYMENT_TARGET = 9.2;
				MTL_ENABLE_DEBUG_INFO = NO;
				SDKROOT = iphoneos;
				VALIDATE_PRODUCT = YES;
			};
			name = Release;
		};
		CC8CB96D1C3CFBC500C4A1E0 /* Debug */ = {
			isa = XCBuildConfiguration;
			buildSettings = {
				ASSETCATALOG_COMPILER_APPICON_NAME = AppIcon;
				CODE_SIGN_IDENTITY = "iPhone Developer: dorayo student (93QF9C8P8D)";
				INFOPLIST_FILE = "test-20160106-01/Info.plist";
				IPHONEOS_DEPLOYMENT_TARGET = 9.0;
				LD_RUNPATH_SEARCH_PATHS = "$(inherited) @executable_path/Frameworks";
				PRODUCT_BUNDLE_IDENTIFIER = "com.qy15092.test-20160106-01";
				PRODUCT_NAME = "$(TARGET_NAME)";
				PROVISIONING_PROFILE = "dc360d11-a976-49c8-8f81-a02746935eec";
			};
			name = Debug;
		};
		CC8CB96E1C3CFBC500C4A1E0 /* Release */ = {
			isa = XCBuildConfiguration;
			buildSettings = {
				ASSETCATALOG_COMPILER_APPICON_NAME = AppIcon;
				CODE_SIGN_IDENTITY = "iPhone Developer: dorayo student (93QF9C8P8D)";
				INFOPLIST_FILE = "test-20160106-01/Info.plist";
				IPHONEOS_DEPLOYMENT_TARGET = 9.0;
				LD_RUNPATH_SEARCH_PATHS = "$(inherited) @executable_path/Frameworks";
				PRODUCT_BUNDLE_IDENTIFIER = "com.qy15092.test-20160106-01";
				PRODUCT_NAME = "$(TARGET_NAME)";
				PROVISIONING_PROFILE = "dc360d11-a976-49c8-8f81-a02746935eec";
			};
			name = Release;
		};
/* End XCBuildConfiguration section */

/* Begin XCConfigurationList section */
		CC8CB9501C3CFBC400C4A1E0 /* Build configuration list for PBXProject "test-20160106-01" */ = {
			isa = XCConfigurationList;
			buildConfigurations = (
				CC8CB96A1C3CFBC500C4A1E0 /* Debug */,
				CC8CB96B1C3CFBC500C4A1E0 /* Release */,
			);
			defaultConfigurationIsVisible = 0;
			defaultConfigurationName = Release;
		};
		CC8CB96C1C3CFBC500C4A1E0 /* Build configuration list for PBXNativeTarget "test-20160106-01" */ = {
			isa = XCConfigurationList;
			buildConfigurations = (
				CC8CB96D1C3CFBC500C4A1E0 /* Debug */,
				CC8CB96E1C3CFBC500C4A1E0 /* Release */,
			);
			defaultConfigurationIsVisible = 0;
		};
/* End XCConfigurationList section */
	};
	rootObject = CC8CB94D1C3CFBC400C4A1E0 /* Project object */;
}
