// !$*UTF8*$!
{
	archiveVersion = 1;
	classes = {
	};
	objectVersion = 46;
	objects = {

/* Begin PBXBuildFile section */
		CC53E5231C3BBCAA00A39AC1 /* main.m in Sources */ = {isa = PBXBuildFile; fileRef = CC53E5221C3BBCAA00A39AC1 /* main.m */; };
		CC53E5261C3BBCAA00A39AC1 /* AppDelegate.m in Sources */ = {isa = PBXBuildFile; fileRef = CC53E5251C3BBCAA00A39AC1 /* AppDelegate.m */; };
		CC53E5291C3BBCAA00A39AC1 /* ViewController.m in Sources */ = {isa = PBXBuildFile; fileRef = CC53E5281C3BBCAA00A39AC1 /* ViewController.m */; };
		CC53E52C1C3BBCAA00A39AC1 /* Main.storyboard in Resources */ = {isa = PBXBuildFile; fileRef = CC53E52A1C3BBCAA00A39AC1 /* Main.storyboard */; };
		CC53E52E1C3BBCAA00A39AC1 /* Assets.xcassets in Resources */ = {isa = PBXBuildFile; fileRef = CC53E52D1C3BBCAA00A39AC1 /* Assets.xcassets */; };
		CC53E5311C3BBCAA00A39AC1 /* LaunchScreen.storyboard in Resources */ = {isa = PBXBuildFile; fileRef = CC53E52F1C3BBCAA00A39AC1 /* LaunchScreen.storyboard */; };
		CC53E5431C3BBDBE00A39AC1 /* SongsInfos.plist in Resources */ = {isa = PBXBuildFile; fileRef = CC53E5391C3BBDBE00A39AC1 /* SongsInfos.plist */; };
		CC53E5441C3BBDBE00A39AC1 /* 当你老了.jpg in Resources */ = {isa = PBXBuildFile; fileRef = CC53E53A1C3BBDBE00A39AC1 /* 当你老了.jpg */; };
		CC53E5451C3BBDBE00A39AC1 /* 当你老了.lrc in Resources */ = {isa = PBXBuildFile; fileRef = CC53E53B1C3BBDBE00A39AC1 /* 当你老了.lrc */; };
		CC53E5461C3BBDBE00A39AC1 /* 当你老了.mp3 in Resources */ = {isa = PBXBuildFile; fileRef = CC53E53C1C3BBDBE00A39AC1 /* 当你老了.mp3 */; };
		CC53E5471C3BBDBE00A39AC1 /* 时间都去哪儿了.lrc in Resources */ = {isa = PBXBuildFile; fileRef = CC53E53D1C3BBDBE00A39AC1 /* 时间都去哪儿了.lrc */; };
		CC53E5481C3BBDBE00A39AC1 /* 时间都去哪儿了.mp3 in Resources */ = {isa = PBXBuildFile; fileRef = CC53E53E1C3BBDBE00A39AC1 /* 时间都去哪儿了.mp3 */; };
		CC53E5491C3BBDBE00A39AC1 /* 演员.lrc in Resources */ = {isa = PBXBuildFile; fileRef = CC53E53F1C3BBDBE00A39AC1 /* 演员.lrc */; };
		CC53E54A1C3BBDBE00A39AC1 /* 演员.mp3 in Resources */ = {isa = PBXBuildFile; fileRef = CC53E5401C3BBDBE00A39AC1 /* 演员.mp3 */; };
		CC53E54B1C3BBDBE00A39AC1 /* 红颜劫.lrc in Resources */ = {isa = PBXBuildFile; fileRef = CC53E5411C3BBDBE00A39AC1 /* 红颜劫.lrc */; };
		CC53E54C1C3BBDBE00A39AC1 /* 红颜劫.mp3 in Resources */ = {isa = PBXBuildFile; fileRef = CC53E5421C3BBDBE00A39AC1 /* 红颜劫.mp3 */; };
/* End PBXBuildFile section */

/* Begin PBXFileReference section */
		CC53E51E1C3BBCAA00A39AC1 /* test-20160105-01.app */ = {isa = PBXFileReference; explicitFileType = wrapper.application; includeInIndex = 0; path = "test-20160105-01.app"; sourceTree = BUILT_PRODUCTS_DIR; };
		CC53E5221C3BBCAA00A39AC1 /* main.m */ = {isa = PBXFileReference; lastKnownFileType = sourcecode.c.objc; path = main.m; sourceTree = "<group>"; };
		CC53E5241C3BBCAA00A39AC1 /* AppDelegate.h */ = {isa = PBXFileReference; lastKnownFileType = sourcecode.c.h; path = AppDelegate.h; sourceTree = "<group>"; };
		CC53E5251C3BBCAA00A39AC1 /* AppDelegate.m */ = {isa = PBXFileReference; lastKnownFileType = sourcecode.c.objc; path = AppDelegate.m; sourceTree = "<group>"; };
		CC53E5271C3BBCAA00A39AC1 /* ViewController.h */ = {isa = PBXFileReference; lastKnownFileType = sourcecode.c.h; path = ViewController.h; sourceTree = "<group>"; };
		CC53E5281C3BBCAA00A39AC1 /* ViewController.m */ = {isa = PBXFileReference; lastKnownFileType = sourcecode.c.objc; path = ViewController.m; sourceTree = "<group>"; };
		CC53E52B1C3BBCAA00A39AC1 /* Base */ = {isa = PBXFileReference; lastKnownFileType = file.storyboard; name = Base; path = Base.lproj/Main.storyboard; sourceTree = "<group>"; };
		CC53E52D1C3BBCAA00A39AC1 /* Assets.xcassets */ = {isa = PBXFileReference; lastKnownFileType = folder.assetcatalog; path = Assets.xcassets; sourceTree = "<group>"; };
		CC53E5301C3BBCAA00A39AC1 /* Base */ = {isa = PBXFileReference; lastKnownFileType = file.storyboard; name = Base; path = Base.lproj/LaunchScreen.storyboard; sourceTree = "<group>"; };
		CC53E5321C3BBCAA00A39AC1 /* Info.plist */ = {isa = PBXFileReference; lastKnownFileType = text.plist.xml; path = Info.plist; sourceTree = "<group>"; };
		CC53E5391C3BBDBE00A39AC1 /* SongsInfos.plist */ = {isa = PBXFileReference; fileEncoding = 4; lastKnownFileType = text.plist.xml; path = SongsInfos.plist; sourceTree = "<group>"; };
		CC53E53A1C3BBDBE00A39AC1 /* 当你老了.jpg */ = {isa = PBXFileReference; lastKnownFileType = image.jpeg; path = "当你老了.jpg"; sourceTree = "<group>"; };
		CC53E53B1C3BBDBE00A39AC1 /* 当你老了.lrc */ = {isa = PBXFileReference; fileEncoding = 4; lastKnownFileType = text; path = "当你老了.lrc"; sourceTree = "<group>"; };
		CC53E53C1C3BBDBE00A39AC1 /* 当你老了.mp3 */ = {isa = PBXFileReference; lastKnownFileType = audio.mp3; path = "当你老了.mp3"; sourceTree = "<group>"; };
		CC53E53D1C3BBDBE00A39AC1 /* 时间都去哪儿了.lrc */ = {isa = PBXFileReference; fileEncoding = 4; lastKnownFileType = text; path = "时间都去哪儿了.lrc"; sourceTree = "<group>"; };
		CC53E53E1C3BBDBE00A39AC1 /* 时间都去哪儿了.mp3 */ = {isa = PBXFileReference; lastKnownFileType = audio.mp3; path = "时间都去哪儿了.mp3"; sourceTree = "<group>"; };
		CC53E53F1C3BBDBE00A39AC1 /* 演员.lrc */ = {isa = PBXFileReference; fileEncoding = 4; lastKnownFileType = text; path = "演员.lrc"; sourceTree = "<group>"; };
		CC53E5401C3BBDBE00A39AC1 /* 演员.mp3 */ = {isa = PBXFileReference; lastKnownFileType = audio.mp3; path = "演员.mp3"; sourceTree = "<group>"; };
		CC53E5411C3BBDBE00A39AC1 /* 红颜劫.lrc */ = {isa = PBXFileReference; fileEncoding = 4; lastKnownFileType = text; path = "红颜劫.lrc"; sourceTree = "<group>"; };
		CC53E5421C3BBDBE00A39AC1 /* 红颜劫.mp3 */ = {isa = PBXFileReference; lastKnownFileType = audio.mp3; path = "红颜劫.mp3"; sourceTree = "<group>"; };
/* End PBXFileReference section */

/* Begin PBXFrameworksBuildPhase section */
		CC53E51B1C3BBCAA00A39AC1 /* Frameworks */ = {
			isa = PBXFrameworksBuildPhase;
			buildActionMask = 2147483647;
			files = (
			);
			runOnlyForDeploymentPostprocessing = 0;
		};
/* End PBXFrameworksBuildPhase section */

/* Begin PBXGroup section */
		CC53E5151C3BBCAA00A39AC1 = {
			isa = PBXGroup;
			children = (
				CC53E5201C3BBCAA00A39AC1 /* test-20160105-01 */,
				CC53E51F1C3BBCAA00A39AC1 /* Products */,
			);
			sourceTree = "<group>";
		};
		CC53E51F1C3BBCAA00A39AC1 /* Products */ = {
			isa = PBXGroup;
			children = (
				CC53E51E1C3BBCAA00A39AC1 /* test-20160105-01.app */,
			);
			name = Products;
			sourceTree = "<group>";
		};
		CC53E5201C3BBCAA00A39AC1 /* test-20160105-01 */ = {
			isa = PBXGroup;
			children = (
				CC53E5271C3BBCAA00A39AC1 /* ViewController.h */,
				CC53E5281C3BBCAA00A39AC1 /* ViewController.m */,
				CC53E52A1C3BBCAA00A39AC1 /* Main.storyboard */,
				CC53E5211C3BBCAA00A39AC1 /* Supporting Files */,
			);
			path = "test-20160105-01";
			sourceTree = "<group>";
		};
		CC53E5211C3BBCAA00A39AC1 /* Supporting Files */ = {
			isa = PBXGroup;
			children = (
				CC53E5381C3BBDBE00A39AC1 /* Songs */,
				CC53E5241C3BBCAA00A39AC1 /* AppDelegate.h */,
				CC53E5251C3BBCAA00A39AC1 /* AppDelegate.m */,
				CC53E52D1C3BBCAA00A39AC1 /* Assets.xcassets */,
				CC53E52F1C3BBCAA00A39AC1 /* LaunchScreen.storyboard */,
				CC53E5321C3BBCAA00A39AC1 /* Info.plist */,
				CC53E5221C3BBCAA00A39AC1 /* main.m */,
			);
			name = "Supporting Files";
			sourceTree = "<group>";
		};
		CC53E5381C3BBDBE00A39AC1 /* Songs */ = {
			isa = PBXGroup;
			children = (
				CC53E5391C3BBDBE00A39AC1 /* SongsInfos.plist */,
				CC53E53A1C3BBDBE00A39AC1 /* 当你老了.jpg */,
				CC53E53B1C3BBDBE00A39AC1 /* 当你老了.lrc */,
				CC53E53C1C3BBDBE00A39AC1 /* 当你老了.mp3 */,
				CC53E53D1C3BBDBE00A39AC1 /* 时间都去哪儿了.lrc */,
				CC53E53E1C3BBDBE00A39AC1 /* 时间都去哪儿了.mp3 */,
				CC53E53F1C3BBDBE00A39AC1 /* 演员.lrc */,
				CC53E5401C3BBDBE00A39AC1 /* 演员.mp3 */,
				CC53E5411C3BBDBE00A39AC1 /* 红颜劫.lrc */,
				CC53E5421C3BBDBE00A39AC1 /* 红颜劫.mp3 */,
			);
			path = Songs;
			sourceTree = "<group>";
		};
/* End PBXGroup section */

/* Begin PBXNativeTarget section */
		CC53E51D1C3BBCAA00A39AC1 /* test-20160105-01 */ = {
			isa = PBXNativeTarget;
			buildConfigurationList = CC53E5351C3BBCAA00A39AC1 /* Build configuration list for PBXNativeTarget "test-20160105-01" */;
			buildPhases = (
				CC53E51A1C3BBCAA00A39AC1 /* Sources */,
				CC53E51B1C3BBCAA00A39AC1 /* Frameworks */,
				CC53E51C1C3BBCAA00A39AC1 /* Resources */,
			);
			buildRules = (
			);
			dependencies = (
			);
			name = "test-20160105-01";
			productName = "test-20160105-01";
			productReference = CC53E51E1C3BBCAA00A39AC1 /* test-20160105-01.app */;
			productType = "com.apple.product-type.application";
		};
/* End PBXNativeTarget section */

/* Begin PBXProject section */
		CC53E5161C3BBCAA00A39AC1 /* Project object */ = {
			isa = PBXProject;
			attributes = {
				LastUpgradeCheck = 0720;
				ORGANIZATIONNAME = qy15092;
				TargetAttributes = {
					CC53E51D1C3BBCAA00A39AC1 = {
						CreatedOnToolsVersion = 7.2;
						SystemCapabilities = {
							com.apple.BackgroundModes = {
								enabled = 1;
							};
						};
					};
				};
			};
			buildConfigurationList = CC53E5191C3BBCAA00A39AC1 /* Build configuration list for PBXProject "test-20160105-01" */;
			compatibilityVersion = "Xcode 3.2";
			developmentRegion = English;
			hasScannedForEncodings = 0;
			knownRegions = (
				en,
				Base,
			);
			mainGroup = CC53E5151C3BBCAA00A39AC1;
			productRefGroup = CC53E51F1C3BBCAA00A39AC1 /* Products */;
			projectDirPath = "";
			projectRoot = "";
			targets = (
				CC53E51D1C3BBCAA00A39AC1 /* test-20160105-01 */,
			);
		};
/* End PBXProject section */

/* Begin PBXResourcesBuildPhase section */
		CC53E51C1C3BBCAA00A39AC1 /* Resources */ = {
			isa = PBXResourcesBuildPhase;
			buildActionMask = 2147483647;
			files = (
				CC53E54A1C3BBDBE00A39AC1 /* 演员.mp3 in Resources */,
				CC53E5441C3BBDBE00A39AC1 /* 当你老了.jpg in Resources */,
				CC53E5451C3BBDBE00A39AC1 /* 当你老了.lrc in Resources */,
				CC53E54B1C3BBDBE00A39AC1 /* 红颜劫.lrc in Resources */,
				CC53E5461C3BBDBE00A39AC1 /* 当你老了.mp3 in Resources */,
				CC53E5471C3BBDBE00A39AC1 /* 时间都去哪儿了.lrc in Resources */,
				CC53E5311C3BBCAA00A39AC1 /* LaunchScreen.storyboard in Resources */,
				CC53E5491C3BBDBE00A39AC1 /* 演员.lrc in Resources */,
				CC53E52E1C3BBCAA00A39AC1 /* Assets.xcassets in Resources */,
				CC53E52C1C3BBCAA00A39AC1 /* Main.storyboard in Resources */,
				CC53E54C1C3BBDBE00A39AC1 /* 红颜劫.mp3 in Resources */,
				CC53E5431C3BBDBE00A39AC1 /* SongsInfos.plist in Resources */,
				CC53E5481C3BBDBE00A39AC1 /* 时间都去哪儿了.mp3 in Resources */,
			);
			runOnlyForDeploymentPostprocessing = 0;
		};
/* End PBXResourcesBuildPhase section */

/* Begin PBXSourcesBuildPhase section */
		CC53E51A1C3BBCAA00A39AC1 /* Sources */ = {
			isa = PBXSourcesBuildPhase;
			buildActionMask = 2147483647;
			files = (
				CC53E5291C3BBCAA00A39AC1 /* ViewController.m in Sources */,
				CC53E5261C3BBCAA00A39AC1 /* AppDelegate.m in Sources */,
				CC53E5231C3BBCAA00A39AC1 /* main.m in Sources */,
			);
			runOnlyForDeploymentPostprocessing = 0;
		};
/* End PBXSourcesBuildPhase section */

/* Begin PBXVariantGroup section */
		CC53E52A1C3BBCAA00A39AC1 /* Main.storyboard */ = {
			isa = PBXVariantGroup;
			children = (
				CC53E52B1C3BBCAA00A39AC1 /* Base */,
			);
			name = Main.storyboard;
			sourceTree = "<group>";
		};
		CC53E52F1C3BBCAA00A39AC1 /* LaunchScreen.storyboard */ = {
			isa = PBXVariantGroup;
			children = (
				CC53E5301C3BBCAA00A39AC1 /* Base */,
			);
			name = LaunchScreen.storyboard;
			sourceTree = "<group>";
		};
/* End PBXVariantGroup section */

/* Begin XCBuildConfiguration section */
		CC53E5331C3BBCAA00A39AC1 /* Debug */ = {
			isa = XCBuildConfiguration;
			buildSettings = {
				ALWAYS_SEARCH_USER_PATHS = NO;
				CLANG_CXX_LANGUAGE_STANDARD = "gnu++0x";
				CLANG_CXX_LIBRARY = "libc++";
				CLANG_ENABLE_MODULES = YES;
				CLANG_ENABLE_OBJC_ARC = YES;
				CLANG_WARN_BOOL_CONVERSION = YES;
				CLANG_WARN_CONSTANT_CONVERSION = YES;
				CLANG_WARN_DIRECT_OBJC_ISA_USAGE = YES_ERROR;
				CLANG_WARN_EMPTY_BODY = YES;
				CLANG_WARN_ENUM_CONVERSION = YES;
				CLANG_WARN_INT_CONVERSION = YES;
				CLANG_WARN_OBJC_ROOT_CLASS = YES_ERROR;
				CLANG_WARN_UNREACHABLE_CODE = YES;
				CLANG_WARN__DUPLICATE_METHOD_MATCH = YES;
				"CODE_SIGN_IDENTITY[sdk=iphoneos*]" = "iPhone Developer";
				COPY_PHASE_STRIP = NO;
				DEBUG_INFORMATION_FORMAT = dwarf;
				ENABLE_STRICT_OBJC_MSGSEND = YES;
				ENABLE_TESTABILITY = YES;
				GCC_C_LANGUAGE_STANDARD = gnu99;
				GCC_DYNAMIC_NO_PIC = NO;
				GCC_NO_COMMON_BLOCKS = YES;
				GCC_OPTIMIZATION_LEVEL = 0;
				GCC_PREPROCESSOR_DEFINITIONS = (
					"DEBUG=1",
					"$(inherited)",
				);
				GCC_WARN_64_TO_32_BIT_CONVERSION = YES;
				GCC_WARN_ABOUT_RETURN_TYPE = YES_ERROR;
				GCC_WARN_UNDECLARED_SELECTOR = YES;
				GCC_WARN_UNINITIALIZED_AUTOS = YES_AGGRESSIVE;
				GCC_WARN_UNUSED_FUNCTION = YES;
				GCC_WARN_UNUSED_VARIABLE = YES;
				IPHONEOS_DEPLOYMENT_TARGET = 9.2;
				MTL_ENABLE_DEBUG_INFO = YES;
				ONLY_ACTIVE_ARCH = YES;
				SDKROOT = iphoneos;
			};
			name = Debug;
		};
		CC53E5341C3BBCAA00A39AC1 /* Release */ = {
			isa = XCBuildConfiguration;
			buildSettings = {
				ALWAYS_SEARCH_USER_PATHS = NO;
				CLANG_CXX_LANGUAGE_STANDARD = "gnu++0x";
				CLANG_CXX_LIBRARY = "libc++";
				CLANG_ENABLE_MODULES = YES;
				CLANG_ENABLE_OBJC_ARC = YES;
				CLANG_WARN_BOOL_CONVERSION = YES;
				CLANG_WARN_CONSTANT_CONVERSION = YES;
				CLANG_WARN_DIRECT_OBJC_ISA_USAGE = YES_ERROR;
				CLANG_WARN_EMPTY_BODY = YES;
				CLANG_WARN_ENUM_CONVERSION = YES;
				CLANG_WARN_INT_CONVERSION = YES;
				CLANG_WARN_OBJC_ROOT_CLASS = YES_ERROR;
				CLANG_WARN_UNREACHABLE_CODE = YES;
				CLANG_WARN__DUPLICATE_METHOD_MATCH = YES;
				"CODE_SIGN_IDENTITY[sdk=iphoneos*]" = "iPhone Developer";
				COPY_PHASE_STRIP = NO;
				DEBUG_INFORMATION_FORMAT = "dwarf-with-dsym";
				ENABLE_NS_ASSERTIONS = NO;
				ENABLE_STRICT_OBJC_MSGSEND = YES;
				GCC_C_LANGUAGE_STANDARD = gnu99;
				GCC_NO_COMMON_BLOCKS = YES;
				GCC_WARN_64_TO_32_BIT_CONVERSION = YES;
				GCC_WARN_ABOUT_RETURN_TYPE = YES_ERROR;
				GCC_WARN_UNDECLARED_SELECTOR = YES;
				GCC_WARN_UNINITIALIZED_AUTOS = YES_AGGRESSIVE;
				GCC_WARN_UNUSED_FUNCTION = YES;
				GCC_WARN_UNUSED_VARIABLE = YES;
				IPHONEOS_DEPLOYMENT_TARGET = 9.2;
				MTL_ENABLE_DEBUG_INFO = NO;
				SDKROOT = iphoneos;
				VALIDATE_PRODUCT = YES;
			};
			name = Release;
		};
		CC53E5361C3BBCAA00A39AC1 /* Debug */ = {
			isa = XCBuildConfiguration;
			buildSettings = {
				ASSETCATALOG_COMPILER_APPICON_NAME = AppIcon;
				CODE_SIGN_IDENTITY = "iPhone Developer: dorayo student (93QF9C8P8D)";
				INFOPLIST_FILE = "test-20160105-01/Info.plist";
				IPHONEOS_DEPLOYMENT_TARGET = 9.0;
				LD_RUNPATH_SEARCH_PATHS = "$(inherited) @executable_path/Frameworks";
				PRODUCT_BUNDLE_IDENTIFIER = "com.qy15092.test-20160105-01";
				PRODUCT_NAME = "$(TARGET_NAME)";
				PROVISIONING_PROFILE = "dc360d11-a976-49c8-8f81-a02746935eec";
			};
			name = Debug;
		};
		CC53E5371C3BBCAA00A39AC1 /* Release */ = {
			isa = XCBuildConfiguration;
			buildSettings = {
				ASSETCATALOG_COMPILER_APPICON_NAME = AppIcon;
				CODE_SIGN_IDENTITY = "iPhone Developer: dorayo student (93QF9C8P8D)";
				INFOPLIST_FILE = "test-20160105-01/Info.plist";
				IPHONEOS_DEPLOYMENT_TARGET = 9.0;
				LD_RUNPATH_SEARCH_PATHS = "$(inherited) @executable_path/Frameworks";
				PRODUCT_BUNDLE_IDENTIFIER = "com.qy15092.test-20160105-01";
				PRODUCT_NAME = "$(TARGET_NAME)";
				PROVISIONING_PROFILE = "dc360d11-a976-49c8-8f81-a02746935eec";
			};
			name = Release;
		};
/* End XCBuildConfiguration section */

/* Begin XCConfigurationList section */
		CC53E5191C3BBCAA00A39AC1 /* Build configuration list for PBXProject "test-20160105-01" */ = {
			isa = XCConfigurationList;
			buildConfigurations = (
				CC53E5331C3BBCAA00A39AC1 /* Debug */,
				CC53E5341C3BBCAA00A39AC1 /* Release */,
			);
			defaultConfigurationIsVisible = 0;
			defaultConfigurationName = Release;
		};
		CC53E5351C3BBCAA00A39AC1 /* Build configuration list for PBXNativeTarget "test-20160105-01" */ = {
			isa = XCConfigurationList;
			buildConfigurations = (
				CC53E5361C3BBCAA00A39AC1 /* Debug */,
				CC53E5371C3BBCAA00A39AC1 /* Release */,
			);
			defaultConfigurationIsVisible = 0;
		};
/* End XCConfigurationList section */
	};
	rootObject = CC53E5161C3BBCAA00A39AC1 /* Project object */;
}
