// !$*UTF8*$!
{
	archiveVersion = 1;
	classes = {
	};
	objectVersion = 46;
	objects = {

/* Begin PBXBuildFile section */
		CC648CBA1C1671970010C57C /* main.m in Sources */ = {isa = PBXBuildFile; fileRef = CC648CB91C1671970010C57C /* main.m */; };
		CC648CBD1C1671970010C57C /* AppDelegate.m in Sources */ = {isa = PBXBuildFile; fileRef = CC648CBC1C1671970010C57C /* AppDelegate.m */; };
		CC648CC01C1671970010C57C /* ViewController.m in Sources */ = {isa = PBXBuildFile; fileRef = CC648CBF1C1671970010C57C /* ViewController.m */; };
		CC648CC31C1671970010C57C /* Main.storyboard in Resources */ = {isa = PBXBuildFile; fileRef = CC648CC11C1671970010C57C /* Main.storyboard */; };
		CC648CC51C1671970010C57C /* Images.xcassets in Resources */ = {isa = PBXBuildFile; fileRef = CC648CC41C1671970010C57C /* Images.xcassets */; };
		CC648CC81C1671970010C57C /* LaunchScreen.xib in Resources */ = {isa = PBXBuildFile; fileRef = CC648CC61C1671970010C57C /* LaunchScreen.xib */; };
		CC648CD41C1671970010C57C /* theQY__Tests.m in Sources */ = {isa = PBXBuildFile; fileRef = CC648CD31C1671970010C57C /* theQY__Tests.m */; };
		CCAA30561C1701800025FF92 /* friends.plist in Resources */ = {isa = PBXBuildFile; fileRef = CCAA30151C1701800025FF92 /* friends.plist */; };
		CCAA30571C1701800025FF92 /* 000.png in Resources */ = {isa = PBXBuildFile; fileRef = CCAA30171C1701800025FF92 /* 000.png */; };
		CCAA30581C1701800025FF92 /* 001.png in Resources */ = {isa = PBXBuildFile; fileRef = CCAA30181C1701800025FF92 /* 001.png */; };
		CCAA30591C1701800025FF92 /* 002.png in Resources */ = {isa = PBXBuildFile; fileRef = CCAA30191C1701800025FF92 /* 002.png */; };
		CCAA305A1C1701800025FF92 /* 003.png in Resources */ = {isa = PBXBuildFile; fileRef = CCAA301A1C1701800025FF92 /* 003.png */; };
		CCAA305B1C1701800025FF92 /* 004.png in Resources */ = {isa = PBXBuildFile; fileRef = CCAA301B1C1701800025FF92 /* 004.png */; };
		CCAA305C1C1701800025FF92 /* 005.png in Resources */ = {isa = PBXBuildFile; fileRef = CCAA301C1C1701800025FF92 /* 005.png */; };
		CCAA305D1C1701800025FF92 /* 006.png in Resources */ = {isa = PBXBuildFile; fileRef = CCAA301D1C1701800025FF92 /* 006.png */; };
		CCAA305E1C1701800025FF92 /* 007.png in Resources */ = {isa = PBXBuildFile; fileRef = CCAA301E1C1701800025FF92 /* 007.png */; };
		CCAA305F1C1701800025FF92 /* 008.png in Resources */ = {isa = PBXBuildFile; fileRef = CCAA301F1C1701800025FF92 /* 008.png */; };
		CCAA30601C1701800025FF92 /* 009.png in Resources */ = {isa = PBXBuildFile; fileRef = CCAA30201C1701800025FF92 /* 009.png */; };
		CCAA30611C1701800025FF92 /* buddy_header_arrow.png in Resources */ = {isa = PBXBuildFile; fileRef = CCAA30211C1701800025FF92 /* buddy_header_arrow.png */; };
		CCAA30621C1701800025FF92 /* buddy_header_bg.png in Resources */ = {isa = PBXBuildFile; fileRef = CCAA30221C1701800025FF92 /* buddy_header_bg.png */; };
		CCAA30631C1701800025FF92 /* buddy_header_bg_highlighted.png in Resources */ = {isa = PBXBuildFile; fileRef = CCAA30231C1701800025FF92 /* buddy_header_bg_highlighted.png */; };
		CCAA30641C1701800025FF92 /* MoreExpressionShops.png in Resources */ = {isa = PBXBuildFile; fileRef = CCAA30251C1701800025FF92 /* MoreExpressionShops.png */; };
		CCAA30651C1701800025FF92 /* MoreExpressionShops@2x.png in Resources */ = {isa = PBXBuildFile; fileRef = CCAA30261C1701800025FF92 /* MoreExpressionShops@2x.png */; };
		CCAA30661C1701800025FF92 /* MoreExpressionShops@3x.png in Resources */ = {isa = PBXBuildFile; fileRef = CCAA30271C1701800025FF92 /* MoreExpressionShops@3x.png */; };
		CCAA30671C1701800025FF92 /* MoreMyAlbum.png in Resources */ = {isa = PBXBuildFile; fileRef = CCAA30281C1701800025FF92 /* MoreMyAlbum.png */; };
		CCAA30681C1701800025FF92 /* MoreMyAlbum@2x.png in Resources */ = {isa = PBXBuildFile; fileRef = CCAA30291C1701800025FF92 /* MoreMyAlbum@2x.png */; };
		CCAA30691C1701800025FF92 /* MoreMyAlbum@3x.png in Resources */ = {isa = PBXBuildFile; fileRef = CCAA302A1C1701800025FF92 /* MoreMyAlbum@3x.png */; };
		CCAA306A1C1701800025FF92 /* MoreMyBankCard.png in Resources */ = {isa = PBXBuildFile; fileRef = CCAA302B1C1701800025FF92 /* MoreMyBankCard.png */; };
		CCAA306B1C1701800025FF92 /* MoreMyBankCard@2x.png in Resources */ = {isa = PBXBuildFile; fileRef = CCAA302C1C1701800025FF92 /* MoreMyBankCard@2x.png */; };
		CCAA306C1C1701800025FF92 /* MoreMyBankCard@3x.png in Resources */ = {isa = PBXBuildFile; fileRef = CCAA302D1C1701800025FF92 /* MoreMyBankCard@3x.png */; };
		CCAA306D1C1701800025FF92 /* MoreMyFavorites.png in Resources */ = {isa = PBXBuildFile; fileRef = CCAA302E1C1701800025FF92 /* MoreMyFavorites.png */; };
		CCAA306E1C1701800025FF92 /* MoreMyFavorites@2x.png in Resources */ = {isa = PBXBuildFile; fileRef = CCAA302F1C1701800025FF92 /* MoreMyFavorites@2x.png */; };
		CCAA306F1C1701800025FF92 /* MoreMyFavorites@3x.png in Resources */ = {isa = PBXBuildFile; fileRef = CCAA30301C1701800025FF92 /* MoreMyFavorites@3x.png */; };
		CCAA30701C1701800025FF92 /* MoreSetting@2x.png in Resources */ = {isa = PBXBuildFile; fileRef = CCAA30311C1701800025FF92 /* MoreSetting@2x.png */; };
		CCAA30711C1701800025FF92 /* MoreSetting@3x.png in Resources */ = {isa = PBXBuildFile; fileRef = CCAA30321C1701800025FF92 /* MoreSetting@3x.png */; };
		CCAA30721C1701800025FF92 /* tabbar_contacts@2x.png in Resources */ = {isa = PBXBuildFile; fileRef = CCAA30341C1701800025FF92 /* tabbar_contacts@2x.png */; };
		CCAA30731C1701800025FF92 /* tabbar_contacts@3x.png in Resources */ = {isa = PBXBuildFile; fileRef = CCAA30351C1701800025FF92 /* tabbar_contacts@3x.png */; };
		CCAA30741C1701800025FF92 /* tabbar_contactsHL@2x.png in Resources */ = {isa = PBXBuildFile; fileRef = CCAA30361C1701800025FF92 /* tabbar_contactsHL@2x.png */; };
		CCAA30751C1701800025FF92 /* tabbar_contactsHL@3x.png in Resources */ = {isa = PBXBuildFile; fileRef = CCAA30371C1701800025FF92 /* tabbar_contactsHL@3x.png */; };
		CCAA30761C1701800025FF92 /* tabbar_discover@2x.png in Resources */ = {isa = PBXBuildFile; fileRef = CCAA30381C1701800025FF92 /* tabbar_discover@2x.png */; };
		CCAA30771C1701800025FF92 /* tabbar_discover@3x.png in Resources */ = {isa = PBXBuildFile; fileRef = CCAA30391C1701800025FF92 /* tabbar_discover@3x.png */; };
		CCAA30781C1701800025FF92 /* tabbar_discoverHL@2x.png in Resources */ = {isa = PBXBuildFile; fileRef = CCAA303A1C1701800025FF92 /* tabbar_discoverHL@2x.png */; };
		CCAA30791C1701800025FF92 /* tabbar_discoverHL@3x.png in Resources */ = {isa = PBXBuildFile; fileRef = CCAA303B1C1701800025FF92 /* tabbar_discoverHL@3x.png */; };
		CCAA307A1C1701800025FF92 /* tabbar_mainframe@2x.png in Resources */ = {isa = PBXBuildFile; fileRef = CCAA303C1C1701800025FF92 /* tabbar_mainframe@2x.png */; };
		CCAA307B1C1701800025FF92 /* tabbar_mainframe@3x.png in Resources */ = {isa = PBXBuildFile; fileRef = CCAA303D1C1701800025FF92 /* tabbar_mainframe@3x.png */; };
		CCAA307C1C1701800025FF92 /* tabbar_mainframeHL@2x.png in Resources */ = {isa = PBXBuildFile; fileRef = CCAA303E1C1701800025FF92 /* tabbar_mainframeHL@2x.png */; };
		CCAA307D1C1701800025FF92 /* tabbar_mainframeHL@3x.png in Resources */ = {isa = PBXBuildFile; fileRef = CCAA303F1C1701800025FF92 /* tabbar_mainframeHL@3x.png */; };
		CCAA307E1C1701800025FF92 /* tabbar_me@2x.png in Resources */ = {isa = PBXBuildFile; fileRef = CCAA30401C1701800025FF92 /* tabbar_me@2x.png */; };
		CCAA307F1C1701800025FF92 /* tabbar_me@3x.png in Resources */ = {isa = PBXBuildFile; fileRef = CCAA30411C1701800025FF92 /* tabbar_me@3x.png */; };
		CCAA30801C1701800025FF92 /* tabbar_meHL@2x.png in Resources */ = {isa = PBXBuildFile; fileRef = CCAA30421C1701800025FF92 /* tabbar_meHL@2x.png */; };
		CCAA30811C1701800025FF92 /* tabbar_meHL@3x.png in Resources */ = {isa = PBXBuildFile; fileRef = CCAA30431C1701800025FF92 /* tabbar_meHL@3x.png */; };
		CCAA30821C1701800025FF92 /* tabbarBkg@2x.png in Resources */ = {isa = PBXBuildFile; fileRef = CCAA30441C1701800025FF92 /* tabbarBkg@2x.png */; };
		CCAA30831C1701800025FF92 /* icon_00.png in Resources */ = {isa = PBXBuildFile; fileRef = CCAA30461C1701800025FF92 /* icon_00.png */; };
		CCAA30841C1701800025FF92 /* icon_01.png in Resources */ = {isa = PBXBuildFile; fileRef = CCAA30471C1701800025FF92 /* icon_01.png */; };
		CCAA30851C1701800025FF92 /* icon_02.png in Resources */ = {isa = PBXBuildFile; fileRef = CCAA30481C1701800025FF92 /* icon_02.png */; };
		CCAA30861C1701800025FF92 /* icon_03.png in Resources */ = {isa = PBXBuildFile; fileRef = CCAA30491C1701800025FF92 /* icon_03.png */; };
		CCAA30871C1701800025FF92 /* icon_04.png in Resources */ = {isa = PBXBuildFile; fileRef = CCAA304A1C1701800025FF92 /* icon_04.png */; };
		CCAA30881C1701800025FF92 /* icon_05.png in Resources */ = {isa = PBXBuildFile; fileRef = CCAA304B1C1701800025FF92 /* icon_05.png */; };
		CCAA30891C1701800025FF92 /* icon_06.png in Resources */ = {isa = PBXBuildFile; fileRef = CCAA304C1C1701800025FF92 /* icon_06.png */; };
		CCAA308A1C1701800025FF92 /* icon_07.png in Resources */ = {isa = PBXBuildFile; fileRef = CCAA304D1C1701800025FF92 /* icon_07.png */; };
		CCAA308B1C1701800025FF92 /* icon_08.png in Resources */ = {isa = PBXBuildFile; fileRef = CCAA304E1C1701800025FF92 /* icon_08.png */; };
		CCAA308C1C1701800025FF92 /* icon_09.png in Resources */ = {isa = PBXBuildFile; fileRef = CCAA304F1C1701800025FF92 /* icon_09.png */; };
		CCAA308D1C1701800025FF92 /* icon_10.png in Resources */ = {isa = PBXBuildFile; fileRef = CCAA30501C1701800025FF92 /* icon_10.png */; };
		CCAA308E1C1701800025FF92 /* icon_11.png in Resources */ = {isa = PBXBuildFile; fileRef = CCAA30511C1701800025FF92 /* icon_11.png */; };
		CCAA308F1C1701800025FF92 /* icon_12.png in Resources */ = {isa = PBXBuildFile; fileRef = CCAA30521C1701800025FF92 /* icon_12.png */; };
		CCAA30901C1701800025FF92 /* icon_13.png in Resources */ = {isa = PBXBuildFile; fileRef = CCAA30531C1701800025FF92 /* icon_13.png */; };
		CCAA30911C1701800025FF92 /* icon_14.png in Resources */ = {isa = PBXBuildFile; fileRef = CCAA30541C1701800025FF92 /* icon_14.png */; };
		CCAA30921C1701800025FF92 /* tgs.plist in Resources */ = {isa = PBXBuildFile; fileRef = CCAA30551C1701800025FF92 /* tgs.plist */; };
/* End PBXBuildFile section */

/* Begin PBXContainerItemProxy section */
		CC648CCE1C1671970010C57C /* PBXContainerItemProxy */ = {
			isa = PBXContainerItemProxy;
			containerPortal = CC648CAC1C1671970010C57C /* Project object */;
			proxyType = 1;
			remoteGlobalIDString = CC648CB31C1671970010C57C;
			remoteInfo = "theQY微信";
		};
/* End PBXContainerItemProxy section */

/* Begin PBXFileReference section */
		CC648CB41C1671970010C57C /* theQY微信.app */ = {isa = PBXFileReference; explicitFileType = wrapper.application; includeInIndex = 0; path = "theQY微信.app"; sourceTree = BUILT_PRODUCTS_DIR; };
		CC648CB81C1671970010C57C /* Info.plist */ = {isa = PBXFileReference; lastKnownFileType = text.plist.xml; path = Info.plist; sourceTree = "<group>"; };
		CC648CB91C1671970010C57C /* main.m */ = {isa = PBXFileReference; lastKnownFileType = sourcecode.c.objc; path = main.m; sourceTree = "<group>"; };
		CC648CBB1C1671970010C57C /* AppDelegate.h */ = {isa = PBXFileReference; lastKnownFileType = sourcecode.c.h; path = AppDelegate.h; sourceTree = "<group>"; };
		CC648CBC1C1671970010C57C /* AppDelegate.m */ = {isa = PBXFileReference; lastKnownFileType = sourcecode.c.objc; path = AppDelegate.m; sourceTree = "<group>"; };
		CC648CBE1C1671970010C57C /* ViewController.h */ = {isa = PBXFileReference; lastKnownFileType = sourcecode.c.h; path = ViewController.h; sourceTree = "<group>"; };
		CC648CBF1C1671970010C57C /* ViewController.m */ = {isa = PBXFileReference; lastKnownFileType = sourcecode.c.objc; path = ViewController.m; sourceTree = "<group>"; };
		CC648CC21C1671970010C57C /* Base */ = {isa = PBXFileReference; lastKnownFileType = file.storyboard; name = Base; path = Base.lproj/Main.storyboard; sourceTree = "<group>"; };
		CC648CC41C1671970010C57C /* Images.xcassets */ = {isa = PBXFileReference; lastKnownFileType = folder.assetcatalog; path = Images.xcassets; sourceTree = "<group>"; };
		CC648CC71C1671970010C57C /* Base */ = {isa = PBXFileReference; lastKnownFileType = file.xib; name = Base; path = Base.lproj/LaunchScreen.xib; sourceTree = "<group>"; };
		CC648CCD1C1671970010C57C /* theQY微信Tests.xctest */ = {isa = PBXFileReference; explicitFileType = wrapper.cfbundle; includeInIndex = 0; path = "theQY微信Tests.xctest"; sourceTree = BUILT_PRODUCTS_DIR; };
		CC648CD21C1671970010C57C /* Info.plist */ = {isa = PBXFileReference; lastKnownFileType = text.plist.xml; path = Info.plist; sourceTree = "<group>"; };
		CC648CD31C1671970010C57C /* theQY__Tests.m */ = {isa = PBXFileReference; lastKnownFileType = sourcecode.c.objc; path = theQY__Tests.m; sourceTree = "<group>"; };
		CCAA30151C1701800025FF92 /* friends.plist */ = {isa = PBXFileReference; fileEncoding = 4; lastKnownFileType = text.plist.xml; path = friends.plist; sourceTree = "<group>"; };
		CCAA30171C1701800025FF92 /* 000.png */ = {isa = PBXFileReference; lastKnownFileType = image.png; path = 000.png; sourceTree = "<group>"; };
		CCAA30181C1701800025FF92 /* 001.png */ = {isa = PBXFileReference; lastKnownFileType = image.png; path = 001.png; sourceTree = "<group>"; };
		CCAA30191C1701800025FF92 /* 002.png */ = {isa = PBXFileReference; lastKnownFileType = image.png; path = 002.png; sourceTree = "<group>"; };
		CCAA301A1C1701800025FF92 /* 003.png */ = {isa = PBXFileReference; lastKnownFileType = image.png; path = 003.png; sourceTree = "<group>"; };
		CCAA301B1C1701800025FF92 /* 004.png */ = {isa = PBXFileReference; lastKnownFileType = image.png; path = 004.png; sourceTree = "<group>"; };
		CCAA301C1C1701800025FF92 /* 005.png */ = {isa = PBXFileReference; lastKnownFileType = image.png; path = 005.png; sourceTree = "<group>"; };
		CCAA301D1C1701800025FF92 /* 006.png */ = {isa = PBXFileReference; lastKnownFileType = image.png; path = 006.png; sourceTree = "<group>"; };
		CCAA301E1C1701800025FF92 /* 007.png */ = {isa = PBXFileReference; lastKnownFileType = image.png; path = 007.png; sourceTree = "<group>"; };
		CCAA301F1C1701800025FF92 /* 008.png */ = {isa = PBXFileReference; lastKnownFileType = image.png; path = 008.png; sourceTree = "<group>"; };
		CCAA30201C1701800025FF92 /* 009.png */ = {isa = PBXFileReference; lastKnownFileType = image.png; path = 009.png; sourceTree = "<group>"; };
		CCAA30211C1701800025FF92 /* buddy_header_arrow.png */ = {isa = PBXFileReference; lastKnownFileType = image.png; path = buddy_header_arrow.png; sourceTree = "<group>"; };
		CCAA30221C1701800025FF92 /* buddy_header_bg.png */ = {isa = PBXFileReference; lastKnownFileType = image.png; path = buddy_header_bg.png; sourceTree = "<group>"; };
		CCAA30231C1701800025FF92 /* buddy_header_bg_highlighted.png */ = {isa = PBXFileReference; lastKnownFileType = image.png; path = buddy_header_bg_highlighted.png; sourceTree = "<group>"; };
		CCAA30251C1701800025FF92 /* MoreExpressionShops.png */ = {isa = PBXFileReference; lastKnownFileType = image.png; path = MoreExpressionShops.png; sourceTree = "<group>"; };
		CCAA30261C1701800025FF92 /* MoreExpressionShops@2x.png */ = {isa = PBXFileReference; lastKnownFileType = image.png; path = "MoreExpressionShops@2x.png"; sourceTree = "<group>"; };
		CCAA30271C1701800025FF92 /* MoreExpressionShops@3x.png */ = {isa = PBXFileReference; lastKnownFileType = image.png; path = "MoreExpressionShops@3x.png"; sourceTree = "<group>"; };
		CCAA30281C1701800025FF92 /* MoreMyAlbum.png */ = {isa = PBXFileReference; lastKnownFileType = image.png; path = MoreMyAlbum.png; sourceTree = "<group>"; };
		CCAA30291C1701800025FF92 /* MoreMyAlbum@2x.png */ = {isa = PBXFileReference; lastKnownFileType = image.png; path = "MoreMyAlbum@2x.png"; sourceTree = "<group>"; };
		CCAA302A1C1701800025FF92 /* MoreMyAlbum@3x.png */ = {isa = PBXFileReference; lastKnownFileType = image.png; path = "MoreMyAlbum@3x.png"; sourceTree = "<group>"; };
		CCAA302B1C1701800025FF92 /* MoreMyBankCard.png */ = {isa = PBXFileReference; lastKnownFileType = image.png; path = MoreMyBankCard.png; sourceTree = "<group>"; };
		CCAA302C1C1701800025FF92 /* MoreMyBankCard@2x.png */ = {isa = PBXFileReference; lastKnownFileType = image.png; path = "MoreMyBankCard@2x.png"; sourceTree = "<group>"; };
		CCAA302D1C1701800025FF92 /* MoreMyBankCard@3x.png */ = {isa = PBXFileReference; lastKnownFileType = image.png; path = "MoreMyBankCard@3x.png"; sourceTree = "<group>"; };
		CCAA302E1C1701800025FF92 /* MoreMyFavorites.png */ = {isa = PBXFileReference; lastKnownFileType = image.png; path = MoreMyFavorites.png; sourceTree = "<group>"; };
		CCAA302F1C1701800025FF92 /* MoreMyFavorites@2x.png */ = {isa = PBXFileReference; lastKnownFileType = image.png; path = "MoreMyFavorites@2x.png"; sourceTree = "<group>"; };
		CCAA30301C1701800025FF92 /* MoreMyFavorites@3x.png */ = {isa = PBXFileReference; lastKnownFileType = image.png; path = "MoreMyFavorites@3x.png"; sourceTree = "<group>"; };
		CCAA30311C1701800025FF92 /* MoreSetting@2x.png */ = {isa = PBXFileReference; lastKnownFileType = image.png; path = "MoreSetting@2x.png"; sourceTree = "<group>"; };
		CCAA30321C1701800025FF92 /* MoreSetting@3x.png */ = {isa = PBXFileReference; lastKnownFileType = image.png; path = "MoreSetting@3x.png"; sourceTree = "<group>"; };
		CCAA30341C1701800025FF92 /* tabbar_contacts@2x.png */ = {isa = PBXFileReference; lastKnownFileType = image.png; path = "tabbar_contacts@2x.png"; sourceTree = "<group>"; };
		CCAA30351C1701800025FF92 /* tabbar_contacts@3x.png */ = {isa = PBXFileReference; lastKnownFileType = image.png; path = "tabbar_contacts@3x.png"; sourceTree = "<group>"; };
		CCAA30361C1701800025FF92 /* tabbar_contactsHL@2x.png */ = {isa = PBXFileReference; lastKnownFileType = image.png; path = "tabbar_contactsHL@2x.png"; sourceTree = "<group>"; };
		CCAA30371C1701800025FF92 /* tabbar_contactsHL@3x.png */ = {isa = PBXFileReference; lastKnownFileType = image.png; path = "tabbar_contactsHL@3x.png"; sourceTree = "<group>"; };
		CCAA30381C1701800025FF92 /* tabbar_discover@2x.png */ = {isa = PBXFileReference; lastKnownFileType = image.png; path = "tabbar_discover@2x.png"; sourceTree = "<group>"; };
		CCAA30391C1701800025FF92 /* tabbar_discover@3x.png */ = {isa = PBXFileReference; lastKnownFileType = image.png; path = "tabbar_discover@3x.png"; sourceTree = "<group>"; };
		CCAA303A1C1701800025FF92 /* tabbar_discoverHL@2x.png */ = {isa = PBXFileReference; lastKnownFileType = image.png; path = "tabbar_discoverHL@2x.png"; sourceTree = "<group>"; };
		CCAA303B1C1701800025FF92 /* tabbar_discoverHL@3x.png */ = {isa = PBXFileReference; lastKnownFileType = image.png; path = "tabbar_discoverHL@3x.png"; sourceTree = "<group>"; };
		CCAA303C1C1701800025FF92 /* tabbar_mainframe@2x.png */ = {isa = PBXFileReference; lastKnownFileType = image.png; path = "tabbar_mainframe@2x.png"; sourceTree = "<group>"; };
		CCAA303D1C1701800025FF92 /* tabbar_mainframe@3x.png */ = {isa = PBXFileReference; lastKnownFileType = image.png; path = "tabbar_mainframe@3x.png"; sourceTree = "<group>"; };
		CCAA303E1C1701800025FF92 /* tabbar_mainframeHL@2x.png */ = {isa = PBXFileReference; lastKnownFileType = image.png; path = "tabbar_mainframeHL@2x.png"; sourceTree = "<group>"; };
		CCAA303F1C1701800025FF92 /* tabbar_mainframeHL@3x.png */ = {isa = PBXFileReference; lastKnownFileType = image.png; path = "tabbar_mainframeHL@3x.png"; sourceTree = "<group>"; };
		CCAA30401C1701800025FF92 /* tabbar_me@2x.png */ = {isa = PBXFileReference; lastKnownFileType = image.png; path = "tabbar_me@2x.png"; sourceTree = "<group>"; };
		CCAA30411C1701800025FF92 /* tabbar_me@3x.png */ = {isa = PBXFileReference; lastKnownFileType = image.png; path = "tabbar_me@3x.png"; sourceTree = "<group>"; };
		CCAA30421C1701800025FF92 /* tabbar_meHL@2x.png */ = {isa = PBXFileReference; lastKnownFileType = image.png; path = "tabbar_meHL@2x.png"; sourceTree = "<group>"; };
		CCAA30431C1701800025FF92 /* tabbar_meHL@3x.png */ = {isa = PBXFileReference; lastKnownFileType = image.png; path = "tabbar_meHL@3x.png"; sourceTree = "<group>"; };
		CCAA30441C1701800025FF92 /* tabbarBkg@2x.png */ = {isa = PBXFileReference; lastKnownFileType = image.png; path = "tabbarBkg@2x.png"; sourceTree = "<group>"; };
		CCAA30461C1701800025FF92 /* icon_00.png */ = {isa = PBXFileReference; lastKnownFileType = image.png; path = icon_00.png; sourceTree = "<group>"; };
		CCAA30471C1701800025FF92 /* icon_01.png */ = {isa = PBXFileReference; lastKnownFileType = image.png; path = icon_01.png; sourceTree = "<group>"; };
		CCAA30481C1701800025FF92 /* icon_02.png */ = {isa = PBXFileReference; lastKnownFileType = image.png; path = icon_02.png; sourceTree = "<group>"; };
		CCAA30491C1701800025FF92 /* icon_03.png */ = {isa = PBXFileReference; lastKnownFileType = image.png; path = icon_03.png; sourceTree = "<group>"; };
		CCAA304A1C1701800025FF92 /* icon_04.png */ = {isa = PBXFileReference; lastKnownFileType = image.png; path = icon_04.png; sourceTree = "<group>"; };
		CCAA304B1C1701800025FF92 /* icon_05.png */ = {isa = PBXFileReference; lastKnownFileType = image.png; path = icon_05.png; sourceTree = "<group>"; };
		CCAA304C1C1701800025FF92 /* icon_06.png */ = {isa = PBXFileReference; lastKnownFileType = image.png; path = icon_06.png; sourceTree = "<group>"; };
		CCAA304D1C1701800025FF92 /* icon_07.png */ = {isa = PBXFileReference; lastKnownFileType = image.png; path = icon_07.png; sourceTree = "<group>"; };
		CCAA304E1C1701800025FF92 /* icon_08.png */ = {isa = PBXFileReference; lastKnownFileType = image.png; path = icon_08.png; sourceTree = "<group>"; };
		CCAA304F1C1701800025FF92 /* icon_09.png */ = {isa = PBXFileReference; lastKnownFileType = image.png; path = icon_09.png; sourceTree = "<group>"; };
		CCAA30501C1701800025FF92 /* icon_10.png */ = {isa = PBXFileReference; lastKnownFileType = image.png; path = icon_10.png; sourceTree = "<group>"; };
		CCAA30511C1701800025FF92 /* icon_11.png */ = {isa = PBXFileReference; lastKnownFileType = image.png; path = icon_11.png; sourceTree = "<group>"; };
		CCAA30521C1701800025FF92 /* icon_12.png */ = {isa = PBXFileReference; lastKnownFileType = image.png; path = icon_12.png; sourceTree = "<group>"; };
		CCAA30531C1701800025FF92 /* icon_13.png */ = {isa = PBXFileReference; lastKnownFileType = image.png; path = icon_13.png; sourceTree = "<group>"; };
		CCAA30541C1701800025FF92 /* icon_14.png */ = {isa = PBXFileReference; lastKnownFileType = image.png; path = icon_14.png; sourceTree = "<group>"; };
		CCAA30551C1701800025FF92 /* tgs.plist */ = {isa = PBXFileReference; fileEncoding = 4; lastKnownFileType = text.plist.xml; path = tgs.plist; sourceTree = "<group>"; };
/* End PBXFileReference section */

/* Begin PBXFrameworksBuildPhase section */
		CC648CB11C1671970010C57C /* Frameworks */ = {
			isa = PBXFrameworksBuildPhase;
			buildActionMask = 2147483647;
			files = (
			);
			runOnlyForDeploymentPostprocessing = 0;
		};
		CC648CCA1C1671970010C57C /* Frameworks */ = {
			isa = PBXFrameworksBuildPhase;
			buildActionMask = 2147483647;
			files = (
			);
			runOnlyForDeploymentPostprocessing = 0;
		};
/* End PBXFrameworksBuildPhase section */

/* Begin PBXGroup section */
		CC648CAB1C1671970010C57C = {
			isa = PBXGroup;
			children = (
				CC648CB61C1671970010C57C /* theQY微信 */,
				CC648CD01C1671970010C57C /* theQY微信Tests */,
				CC648CB51C1671970010C57C /* Products */,
			);
			sourceTree = "<group>";
		};
		CC648CB51C1671970010C57C /* Products */ = {
			isa = PBXGroup;
			children = (
				CC648CB41C1671970010C57C /* theQY微信.app */,
				CC648CCD1C1671970010C57C /* theQY微信Tests.xctest */,
			);
			name = Products;
			sourceTree = "<group>";
		};
		CC648CB61C1671970010C57C /* theQY微信 */ = {
			isa = PBXGroup;
			children = (
				CCAA30141C17004E0025FF92 /* Models */,
				CCAA30131C1700490025FF92 /* Views */,
				CCAA30121C1700370025FF92 /* Controllers */,
				CC648CC41C1671970010C57C /* Images.xcassets */,
				CC648CC61C1671970010C57C /* LaunchScreen.xib */,
				CC648CB71C1671970010C57C /* Supporting Files */,
			);
			path = "theQY微信";
			sourceTree = "<group>";
		};
		CC648CB71C1671970010C57C /* Supporting Files */ = {
			isa = PBXGroup;
			children = (
				CCAA30161C1701800025FF92 /* QQ好友 */,
				CCAA30241C1701800025FF92 /* setting */,
				CCAA30331C1701800025FF92 /* tabbar */,
				CCAA30451C1701800025FF92 /* tg */,
				CCAA30551C1701800025FF92 /* tgs.plist */,
				CCAA30151C1701800025FF92 /* friends.plist */,
				CC648CBB1C1671970010C57C /* AppDelegate.h */,
				CC648CBC1C1671970010C57C /* AppDelegate.m */,
				CC648CB81C1671970010C57C /* Info.plist */,
				CC648CB91C1671970010C57C /* main.m */,
			);
			name = "Supporting Files";
			sourceTree = "<group>";
		};
		CC648CD01C1671970010C57C /* theQY微信Tests */ = {
			isa = PBXGroup;
			children = (
				CC648CD31C1671970010C57C /* theQY__Tests.m */,
				CC648CD11C1671970010C57C /* Supporting Files */,
			);
			path = "theQY微信Tests";
			sourceTree = "<group>";
		};
		CC648CD11C1671970010C57C /* Supporting Files */ = {
			isa = PBXGroup;
			children = (
				CC648CD21C1671970010C57C /* Info.plist */,
			);
			name = "Supporting Files";
			sourceTree = "<group>";
		};
		CCAA30121C1700370025FF92 /* Controllers */ = {
			isa = PBXGroup;
			children = (
				CC648CBE1C1671970010C57C /* ViewController.h */,
				CC648CBF1C1671970010C57C /* ViewController.m */,
			);
			name = Controllers;
			sourceTree = "<group>";
		};
		CCAA30131C1700490025FF92 /* Views */ = {
			isa = PBXGroup;
			children = (
				CC648CC11C1671970010C57C /* Main.storyboard */,
			);
			name = Views;
			sourceTree = "<group>";
		};
		CCAA30141C17004E0025FF92 /* Models */ = {
			isa = PBXGroup;
			children = (
			);
			name = Models;
			sourceTree = "<group>";
		};
		CCAA30161C1701800025FF92 /* QQ好友 */ = {
			isa = PBXGroup;
			children = (
				CCAA30171C1701800025FF92 /* 000.png */,
				CCAA30181C1701800025FF92 /* 001.png */,
				CCAA30191C1701800025FF92 /* 002.png */,
				CCAA301A1C1701800025FF92 /* 003.png */,
				CCAA301B1C1701800025FF92 /* 004.png */,
				CCAA301C1C1701800025FF92 /* 005.png */,
				CCAA301D1C1701800025FF92 /* 006.png */,
				CCAA301E1C1701800025FF92 /* 007.png */,
				CCAA301F1C1701800025FF92 /* 008.png */,
				CCAA30201C1701800025FF92 /* 009.png */,
				CCAA30211C1701800025FF92 /* buddy_header_arrow.png */,
				CCAA30221C1701800025FF92 /* buddy_header_bg.png */,
				CCAA30231C1701800025FF92 /* buddy_header_bg_highlighted.png */,
			);
			path = "QQ好友";
			sourceTree = "<group>";
		};
		CCAA30241C1701800025FF92 /* setting */ = {
			isa = PBXGroup;
			children = (
				CCAA30251C1701800025FF92 /* MoreExpressionShops.png */,
				CCAA30261C1701800025FF92 /* MoreExpressionShops@2x.png */,
				CCAA30271C1701800025FF92 /* MoreExpressionShops@3x.png */,
				CCAA30281C1701800025FF92 /* MoreMyAlbum.png */,
				CCAA30291C1701800025FF92 /* MoreMyAlbum@2x.png */,
				CCAA302A1C1701800025FF92 /* MoreMyAlbum@3x.png */,
				CCAA302B1C1701800025FF92 /* MoreMyBankCard.png */,
				CCAA302C1C1701800025FF92 /* MoreMyBankCard@2x.png */,
				CCAA302D1C1701800025FF92 /* MoreMyBankCard@3x.png */,
				CCAA302E1C1701800025FF92 /* MoreMyFavorites.png */,
				CCAA302F1C1701800025FF92 /* MoreMyFavorites@2x.png */,
				CCAA30301C1701800025FF92 /* MoreMyFavorites@3x.png */,
				CCAA30311C1701800025FF92 /* MoreSetting@2x.png */,
				CCAA30321C1701800025FF92 /* MoreSetting@3x.png */,
			);
			path = setting;
			sourceTree = "<group>";
		};
		CCAA30331C1701800025FF92 /* tabbar */ = {
			isa = PBXGroup;
			children = (
				CCAA30341C1701800025FF92 /* tabbar_contacts@2x.png */,
				CCAA30351C1701800025FF92 /* tabbar_contacts@3x.png */,
				CCAA30361C1701800025FF92 /* tabbar_contactsHL@2x.png */,
				CCAA30371C1701800025FF92 /* tabbar_contactsHL@3x.png */,
				CCAA30381C1701800025FF92 /* tabbar_discover@2x.png */,
				CCAA30391C1701800025FF92 /* tabbar_discover@3x.png */,
				CCAA303A1C1701800025FF92 /* tabbar_discoverHL@2x.png */,
				CCAA303B1C1701800025FF92 /* tabbar_discoverHL@3x.png */,
				CCAA303C1C1701800025FF92 /* tabbar_mainframe@2x.png */,
				CCAA303D1C1701800025FF92 /* tabbar_mainframe@3x.png */,
				CCAA303E1C1701800025FF92 /* tabbar_mainframeHL@2x.png */,
				CCAA303F1C1701800025FF92 /* tabbar_mainframeHL@3x.png */,
				CCAA30401C1701800025FF92 /* tabbar_me@2x.png */,
				CCAA30411C1701800025FF92 /* tabbar_me@3x.png */,
				CCAA30421C1701800025FF92 /* tabbar_meHL@2x.png */,
				CCAA30431C1701800025FF92 /* tabbar_meHL@3x.png */,
				CCAA30441C1701800025FF92 /* tabbarBkg@2x.png */,
			);
			path = tabbar;
			sourceTree = "<group>";
		};
		CCAA30451C1701800025FF92 /* tg */ = {
			isa = PBXGroup;
			children = (
				CCAA30461C1701800025FF92 /* icon_00.png */,
				CCAA30471C1701800025FF92 /* icon_01.png */,
				CCAA30481C1701800025FF92 /* icon_02.png */,
				CCAA30491C1701800025FF92 /* icon_03.png */,
				CCAA304A1C1701800025FF92 /* icon_04.png */,
				CCAA304B1C1701800025FF92 /* icon_05.png */,
				CCAA304C1C1701800025FF92 /* icon_06.png */,
				CCAA304D1C1701800025FF92 /* icon_07.png */,
				CCAA304E1C1701800025FF92 /* icon_08.png */,
				CCAA304F1C1701800025FF92 /* icon_09.png */,
				CCAA30501C1701800025FF92 /* icon_10.png */,
				CCAA30511C1701800025FF92 /* icon_11.png */,
				CCAA30521C1701800025FF92 /* icon_12.png */,
				CCAA30531C1701800025FF92 /* icon_13.png */,
				CCAA30541C1701800025FF92 /* icon_14.png */,
			);
			path = tg;
			sourceTree = "<group>";
		};
/* End PBXGroup section */

/* Begin PBXNativeTarget section */
		CC648CB31C1671970010C57C /* theQY微信 */ = {
			isa = PBXNativeTarget;
			buildConfigurationList = CC648CD71C1671970010C57C /* Build configuration list for PBXNativeTarget "theQY微信" */;
			buildPhases = (
				CC648CB01C1671970010C57C /* Sources */,
				CC648CB11C1671970010C57C /* Frameworks */,
				CC648CB21C1671970010C57C /* Resources */,
			);
			buildRules = (
			);
			dependencies = (
			);
			name = "theQY微信";
			productName = "theQY微信";
			productReference = CC648CB41C1671970010C57C /* theQY微信.app */;
			productType = "com.apple.product-type.application";
		};
		CC648CCC1C1671970010C57C /* theQY微信Tests */ = {
			isa = PBXNativeTarget;
			buildConfigurationList = CC648CDA1C1671970010C57C /* Build configuration list for PBXNativeTarget "theQY微信Tests" */;
			buildPhases = (
				CC648CC91C1671970010C57C /* Sources */,
				CC648CCA1C1671970010C57C /* Frameworks */,
				CC648CCB1C1671970010C57C /* Resources */,
			);
			buildRules = (
			);
			dependencies = (
				CC648CCF1C1671970010C57C /* PBXTargetDependency */,
			);
			name = "theQY微信Tests";
			productName = "theQY微信Tests";
			productReference = CC648CCD1C1671970010C57C /* theQY微信Tests.xctest */;
			productType = "com.apple.product-type.bundle.unit-test";
		};
/* End PBXNativeTarget section */

/* Begin PBXProject section */
		CC648CAC1C1671970010C57C /* Project object */ = {
			isa = PBXProject;
			attributes = {
				LastUpgradeCheck = 0630;
				ORGANIZATIONNAME = QingYun;
				TargetAttributes = {
					CC648CB31C1671970010C57C = {
						CreatedOnToolsVersion = 6.3;
					};
					CC648CCC1C1671970010C57C = {
						CreatedOnToolsVersion = 6.3;
						TestTargetID = CC648CB31C1671970010C57C;
					};
				};
			};
			buildConfigurationList = CC648CAF1C1671970010C57C /* Build configuration list for PBXProject "theQY微信" */;
			compatibilityVersion = "Xcode 3.2";
			developmentRegion = English;
			hasScannedForEncodings = 0;
			knownRegions = (
				en,
				Base,
			);
			mainGroup = CC648CAB1C1671970010C57C;
			productRefGroup = CC648CB51C1671970010C57C /* Products */;
			projectDirPath = "";
			projectRoot = "";
			targets = (
				CC648CB31C1671970010C57C /* theQY微信 */,
				CC648CCC1C1671970010C57C /* theQY微信Tests */,
			);
		};
/* End PBXProject section */

/* Begin PBXResourcesBuildPhase section */
		CC648CB21C1671970010C57C /* Resources */ = {
			isa = PBXResourcesBuildPhase;
			buildActionMask = 2147483647;
			files = (
				CCAA30711C1701800025FF92 /* MoreSetting@3x.png in Resources */,
				CCAA30671C1701800025FF92 /* MoreMyAlbum.png in Resources */,
				CCAA305B1C1701800025FF92 /* 004.png in Resources */,
				CCAA30571C1701800025FF92 /* 000.png in Resources */,
				CCAA30811C1701800025FF92 /* tabbar_meHL@3x.png in Resources */,
				CCAA308A1C1701800025FF92 /* icon_07.png in Resources */,
				CCAA306B1C1701800025FF92 /* MoreMyBankCard@2x.png in Resources */,
				CCAA30761C1701800025FF92 /* tabbar_discover@2x.png in Resources */,
				CCAA30751C1701800025FF92 /* tabbar_contactsHL@3x.png in Resources */,
				CCAA30681C1701800025FF92 /* MoreMyAlbum@2x.png in Resources */,
				CCAA30861C1701800025FF92 /* icon_03.png in Resources */,
				CCAA306A1C1701800025FF92 /* MoreMyBankCard.png in Resources */,
				CC648CC31C1671970010C57C /* Main.storyboard in Resources */,
				CCAA30591C1701800025FF92 /* 002.png in Resources */,
				CCAA30831C1701800025FF92 /* icon_00.png in Resources */,
				CCAA30701C1701800025FF92 /* MoreSetting@2x.png in Resources */,
				CCAA307D1C1701800025FF92 /* tabbar_mainframeHL@3x.png in Resources */,
				CC648CC81C1671970010C57C /* LaunchScreen.xib in Resources */,
				CCAA305C1C1701800025FF92 /* 005.png in Resources */,
				CCAA30731C1701800025FF92 /* tabbar_contacts@3x.png in Resources */,
				CCAA30891C1701800025FF92 /* icon_06.png in Resources */,
				CCAA308D1C1701800025FF92 /* icon_10.png in Resources */,
				CCAA308F1C1701800025FF92 /* icon_12.png in Resources */,
				CCAA30801C1701800025FF92 /* tabbar_meHL@2x.png in Resources */,
				CCAA30581C1701800025FF92 /* 001.png in Resources */,
				CCAA306D1C1701800025FF92 /* MoreMyFavorites.png in Resources */,
				CCAA30901C1701800025FF92 /* icon_13.png in Resources */,
				CCAA305A1C1701800025FF92 /* 003.png in Resources */,
				CCAA308B1C1701800025FF92 /* icon_08.png in Resources */,
				CCAA30561C1701800025FF92 /* friends.plist in Resources */,
				CCAA30601C1701800025FF92 /* 009.png in Resources */,
				CCAA306C1C1701800025FF92 /* MoreMyBankCard@3x.png in Resources */,
				CCAA306F1C1701800025FF92 /* MoreMyFavorites@3x.png in Resources */,
				CCAA305E1C1701800025FF92 /* 007.png in Resources */,
				CCAA30631C1701800025FF92 /* buddy_header_bg_highlighted.png in Resources */,
				CCAA30851C1701800025FF92 /* icon_02.png in Resources */,
				CCAA305D1C1701800025FF92 /* 006.png in Resources */,
				CCAA30781C1701800025FF92 /* tabbar_discoverHL@2x.png in Resources */,
				CCAA305F1C1701800025FF92 /* 008.png in Resources */,
				CC648CC51C1671970010C57C /* Images.xcassets in Resources */,
				CCAA30651C1701800025FF92 /* MoreExpressionShops@2x.png in Resources */,
				CCAA307C1C1701800025FF92 /* tabbar_mainframeHL@2x.png in Resources */,
				CCAA30691C1701800025FF92 /* MoreMyAlbum@3x.png in Resources */,
				CCAA30741C1701800025FF92 /* tabbar_contactsHL@2x.png in Resources */,
				CCAA307A1C1701800025FF92 /* tabbar_mainframe@2x.png in Resources */,
				CCAA30661C1701800025FF92 /* MoreExpressionShops@3x.png in Resources */,
				CCAA30911C1701800025FF92 /* icon_14.png in Resources */,
				CCAA30621C1701800025FF92 /* buddy_header_bg.png in Resources */,
				CCAA30641C1701800025FF92 /* MoreExpressionShops.png in Resources */,
				CCAA30921C1701800025FF92 /* tgs.plist in Resources */,
				CCAA308C1C1701800025FF92 /* icon_09.png in Resources */,
				CCAA30871C1701800025FF92 /* icon_04.png in Resources */,
				CCAA30721C1701800025FF92 /* tabbar_contacts@2x.png in Resources */,
				CCAA307F1C1701800025FF92 /* tabbar_me@3x.png in Resources */,
				CCAA307E1C1701800025FF92 /* tabbar_me@2x.png in Resources */,
				CCAA30611C1701800025FF92 /* buddy_header_arrow.png in Resources */,
				CCAA308E1C1701800025FF92 /* icon_11.png in Resources */,
				CCAA307B1C1701800025FF92 /* tabbar_mainframe@3x.png in Resources */,
				CCAA306E1C1701800025FF92 /* MoreMyFavorites@2x.png in Resources */,
				CCAA30881C1701800025FF92 /* icon_05.png in Resources */,
				CCAA30821C1701800025FF92 /* tabbarBkg@2x.png in Resources */,
				CCAA30771C1701800025FF92 /* tabbar_discover@3x.png in Resources */,
				CCAA30791C1701800025FF92 /* tabbar_discoverHL@3x.png in Resources */,
				CCAA30841C1701800025FF92 /* icon_01.png in Resources */,
			);
			runOnlyForDeploymentPostprocessing = 0;
		};
		CC648CCB1C1671970010C57C /* Resources */ = {
			isa = PBXResourcesBuildPhase;
			buildActionMask = 2147483647;
			files = (
			);
			runOnlyForDeploymentPostprocessing = 0;
		};
/* End PBXResourcesBuildPhase section */

/* Begin PBXSourcesBuildPhase section */
		CC648CB01C1671970010C57C /* Sources */ = {
			isa = PBXSourcesBuildPhase;
			buildActionMask = 2147483647;
			files = (
				CC648CC01C1671970010C57C /* ViewController.m in Sources */,
				CC648CBD1C1671970010C57C /* AppDelegate.m in Sources */,
				CC648CBA1C1671970010C57C /* main.m in Sources */,
			);
			runOnlyForDeploymentPostprocessing = 0;
		};
		CC648CC91C1671970010C57C /* Sources */ = {
			isa = PBXSourcesBuildPhase;
			buildActionMask = 2147483647;
			files = (
				CC648CD41C1671970010C57C /* theQY__Tests.m in Sources */,
			);
			runOnlyForDeploymentPostprocessing = 0;
		};
/* End PBXSourcesBuildPhase section */

/* Begin PBXTargetDependency section */
		CC648CCF1C1671970010C57C /* PBXTargetDependency */ = {
			isa = PBXTargetDependency;
			target = CC648CB31C1671970010C57C /* theQY微信 */;
			targetProxy = CC648CCE1C1671970010C57C /* PBXContainerItemProxy */;
		};
/* End PBXTargetDependency section */

/* Begin PBXVariantGroup section */
		CC648CC11C1671970010C57C /* Main.storyboard */ = {
			isa = PBXVariantGroup;
			children = (
				CC648CC21C1671970010C57C /* Base */,
			);
			name = Main.storyboard;
			sourceTree = "<group>";
		};
		CC648CC61C1671970010C57C /* LaunchScreen.xib */ = {
			isa = PBXVariantGroup;
			children = (
				CC648CC71C1671970010C57C /* Base */,
			);
			name = LaunchScreen.xib;
			sourceTree = "<group>";
		};
/* End PBXVariantGroup section */

/* Begin XCBuildConfiguration section */
		CC648CD51C1671970010C57C /* Debug */ = {
			isa = XCBuildConfiguration;
			buildSettings = {
				ALWAYS_SEARCH_USER_PATHS = NO;
				CLANG_CXX_LANGUAGE_STANDARD = "gnu++0x";
				CLANG_CXX_LIBRARY = "libc++";
				CLANG_ENABLE_MODULES = YES;
				CLANG_ENABLE_OBJC_ARC = YES;
				CLANG_WARN_BOOL_CONVERSION = YES;
				CLANG_WARN_CONSTANT_CONVERSION = YES;
				CLANG_WARN_DIRECT_OBJC_ISA_USAGE = YES_ERROR;
				CLANG_WARN_EMPTY_BODY = YES;
				CLANG_WARN_ENUM_CONVERSION = YES;
				CLANG_WARN_INT_CONVERSION = YES;
				CLANG_WARN_OBJC_ROOT_CLASS = YES_ERROR;
				CLANG_WARN_UNREACHABLE_CODE = YES;
				CLANG_WARN__DUPLICATE_METHOD_MATCH = YES;
				"CODE_SIGN_IDENTITY[sdk=iphoneos*]" = "iPhone Developer";
				COPY_PHASE_STRIP = NO;
				DEBUG_INFORMATION_FORMAT = "dwarf-with-dsym";
				ENABLE_STRICT_OBJC_MSGSEND = YES;
				GCC_C_LANGUAGE_STANDARD = gnu99;
				GCC_DYNAMIC_NO_PIC = NO;
				GCC_NO_COMMON_BLOCKS = YES;
				GCC_OPTIMIZATION_LEVEL = 0;
				GCC_PREPROCESSOR_DEFINITIONS = (
					"DEBUG=1",
					"$(inherited)",
				);
				GCC_SYMBOLS_PRIVATE_EXTERN = NO;
				GCC_WARN_64_TO_32_BIT_CONVERSION = YES;
				GCC_WARN_ABOUT_RETURN_TYPE = YES_ERROR;
				GCC_WARN_UNDECLARED_SELECTOR = YES;
				GCC_WARN_UNINITIALIZED_AUTOS = YES_AGGRESSIVE;
				GCC_WARN_UNUSED_FUNCTION = YES;
				GCC_WARN_UNUSED_VARIABLE = YES;
				IPHONEOS_DEPLOYMENT_TARGET = 8.3;
				MTL_ENABLE_DEBUG_INFO = YES;
				ONLY_ACTIVE_ARCH = YES;
				SDKROOT = iphoneos;
			};
			name = Debug;
		};
		CC648CD61C1671970010C57C /* Release */ = {
			isa = XCBuildConfiguration;
			buildSettings = {
				ALWAYS_SEARCH_USER_PATHS = NO;
				CLANG_CXX_LANGUAGE_STANDARD = "gnu++0x";
				CLANG_CXX_LIBRARY = "libc++";
				CLANG_ENABLE_MODULES = YES;
				CLANG_ENABLE_OBJC_ARC = YES;
				CLANG_WARN_BOOL_CONVERSION = YES;
				CLANG_WARN_CONSTANT_CONVERSION = YES;
				CLANG_WARN_DIRECT_OBJC_ISA_USAGE = YES_ERROR;
				CLANG_WARN_EMPTY_BODY = YES;
				CLANG_WARN_ENUM_CONVERSION = YES;
				CLANG_WARN_INT_CONVERSION = YES;
				CLANG_WARN_OBJC_ROOT_CLASS = YES_ERROR;
				CLANG_WARN_UNREACHABLE_CODE = YES;
				CLANG_WARN__DUPLICATE_METHOD_MATCH = YES;
				"CODE_SIGN_IDENTITY[sdk=iphoneos*]" = "iPhone Developer";
				COPY_PHASE_STRIP = NO;
				DEBUG_INFORMATION_FORMAT = "dwarf-with-dsym";
				ENABLE_NS_ASSERTIONS = NO;
				ENABLE_STRICT_OBJC_MSGSEND = YES;
				GCC_C_LANGUAGE_STANDARD = gnu99;
				GCC_NO_COMMON_BLOCKS = YES;
				GCC_WARN_64_TO_32_BIT_CONVERSION = YES;
				GCC_WARN_ABOUT_RETURN_TYPE = YES_ERROR;
				GCC_WARN_UNDECLARED_SELECTOR = YES;
				GCC_WARN_UNINITIALIZED_AUTOS = YES_AGGRESSIVE;
				GCC_WARN_UNUSED_FUNCTION = YES;
				GCC_WARN_UNUSED_VARIABLE = YES;
				IPHONEOS_DEPLOYMENT_TARGET = 8.3;
				MTL_ENABLE_DEBUG_INFO = NO;
				SDKROOT = iphoneos;
				VALIDATE_PRODUCT = YES;
			};
			name = Release;
		};
		CC648CD81C1671970010C57C /* Debug */ = {
			isa = XCBuildConfiguration;
			buildSettings = {
				ASSETCATALOG_COMPILER_APPICON_NAME = AppIcon;
				INFOPLIST_FILE = "theQY微信/Info.plist";
				LD_RUNPATH_SEARCH_PATHS = "$(inherited) @executable_path/Frameworks";
				PRODUCT_NAME = "$(TARGET_NAME)";
			};
			name = Debug;
		};
		CC648CD91C1671970010C57C /* Release */ = {
			isa = XCBuildConfiguration;
			buildSettings = {
				ASSETCATALOG_COMPILER_APPICON_NAME = AppIcon;
				INFOPLIST_FILE = "theQY微信/Info.plist";
				LD_RUNPATH_SEARCH_PATHS = "$(inherited) @executable_path/Frameworks";
				PRODUCT_NAME = "$(TARGET_NAME)";
			};
			name = Release;
		};
		CC648CDB1C1671970010C57C /* Debug */ = {
			isa = XCBuildConfiguration;
			buildSettings = {
				BUNDLE_LOADER = "$(TEST_HOST)";
				FRAMEWORK_SEARCH_PATHS = (
					"$(SDKROOT)/Developer/Library/Frameworks",
					"$(inherited)",
				);
				GCC_PREPROCESSOR_DEFINITIONS = (
					"DEBUG=1",
					"$(inherited)",
				);
				INFOPLIST_FILE = "theQY微信Tests/Info.plist";
				LD_RUNPATH_SEARCH_PATHS = "$(inherited) @executable_path/Frameworks @loader_path/Frameworks";
				PRODUCT_NAME = "$(TARGET_NAME)";
				TEST_HOST = "$(BUILT_PRODUCTS_DIR)/theQY微信.app/theQY微信";
			};
			name = Debug;
		};
		CC648CDC1C1671970010C57C /* Release */ = {
			isa = XCBuildConfiguration;
			buildSettings = {
				BUNDLE_LOADER = "$(TEST_HOST)";
				FRAMEWORK_SEARCH_PATHS = (
					"$(SDKROOT)/Developer/Library/Frameworks",
					"$(inherited)",
				);
				INFOPLIST_FILE = "theQY微信Tests/Info.plist";
				LD_RUNPATH_SEARCH_PATHS = "$(inherited) @executable_path/Frameworks @loader_path/Frameworks";
				PRODUCT_NAME = "$(TARGET_NAME)";
				TEST_HOST = "$(BUILT_PRODUCTS_DIR)/theQY微信.app/theQY微信";
			};
			name = Release;
		};
/* End XCBuildConfiguration section */

/* Begin XCConfigurationList section */
		CC648CAF1C1671970010C57C /* Build configuration list for PBXProject "theQY微信" */ = {
			isa = XCConfigurationList;
			buildConfigurations = (
				CC648CD51C1671970010C57C /* Debug */,
				CC648CD61C1671970010C57C /* Release */,
			);
			defaultConfigurationIsVisible = 0;
			defaultConfigurationName = Release;
		};
		CC648CD71C1671970010C57C /* Build configuration list for PBXNativeTarget "theQY微信" */ = {
			isa = XCConfigurationList;
			buildConfigurations = (
				CC648CD81C1671970010C57C /* Debug */,
				CC648CD91C1671970010C57C /* Release */,
			);
			defaultConfigurationIsVisible = 0;
			defaultConfigurationName = Release;
		};
		CC648CDA1C1671970010C57C /* Build configuration list for PBXNativeTarget "theQY微信Tests" */ = {
			isa = XCConfigurationList;
			buildConfigurations = (
				CC648CDB1C1671970010C57C /* Debug */,
				CC648CDC1C1671970010C57C /* Release */,
			);
			defaultConfigurationIsVisible = 0;
			defaultConfigurationName = Release;
		};
/* End XCConfigurationList section */
	};
	rootObject = CC648CAC1C1671970010C57C /* Project object */;
}
