// !$*UTF8*$!
{
	archiveVersion = 1;
	classes = {
	};
	objectVersion = 46;
	objects = {

/* Begin PBXBuildFile section */
		AD60A67D63E025D904922AE0 /* libPods.a in Frameworks */ = {isa = PBXBuildFile; fileRef = 150E55342652F7BA7A8E745E /* libPods.a */; };
		CCA1C2121C44DA7300965E09 /* main.m in Sources */ = {isa = PBXBuildFile; fileRef = CCA1C2111C44DA7300965E09 /* main.m */; };
		CCA1C2151C44DA7300965E09 /* AppDelegate.m in Sources */ = {isa = PBXBuildFile; fileRef = CCA1C2141C44DA7300965E09 /* AppDelegate.m */; };
		CCA1C2181C44DA7300965E09 /* ViewController.m in Sources */ = {isa = PBXBuildFile; fileRef = CCA1C2171C44DA7300965E09 /* ViewController.m */; };
		CCA1C21B1C44DA7300965E09 /* Main.storyboard in Resources */ = {isa = PBXBuildFile; fileRef = CCA1C2191C44DA7300965E09 /* Main.storyboard */; };
		CCA1C21D1C44DA7300965E09 /* Assets.xcassets in Resources */ = {isa = PBXBuildFile; fileRef = CCA1C21C1C44DA7300965E09 /* Assets.xcassets */; };
		CCA1C2201C44DA7300965E09 /* LaunchScreen.storyboard in Resources */ = {isa = PBXBuildFile; fileRef = CCA1C21E1C44DA7300965E09 /* LaunchScreen.storyboard */; };
/* End PBXBuildFile section */

/* Begin PBXFileReference section */
		123ED1DFBB463554732326BA /* Pods.debug.xcconfig */ = {isa = PBXFileReference; includeInIndex = 1; lastKnownFileType = text.xcconfig; name = Pods.debug.xcconfig; path = "Pods/Target Support Files/Pods/Pods.debug.xcconfig"; sourceTree = "<group>"; };
		150E55342652F7BA7A8E745E /* libPods.a */ = {isa = PBXFileReference; explicitFileType = archive.ar; includeInIndex = 0; path = libPods.a; sourceTree = BUILT_PRODUCTS_DIR; };
		CCA1C20D1C44DA7300965E09 /* test-20160112-01.app */ = {isa = PBXFileReference; explicitFileType = wrapper.application; includeInIndex = 0; path = "test-20160112-01.app"; sourceTree = BUILT_PRODUCTS_DIR; };
		CCA1C2111C44DA7300965E09 /* main.m */ = {isa = PBXFileReference; lastKnownFileType = sourcecode.c.objc; path = main.m; sourceTree = "<group>"; };
		CCA1C2131C44DA7300965E09 /* AppDelegate.h */ = {isa = PBXFileReference; lastKnownFileType = sourcecode.c.h; path = AppDelegate.h; sourceTree = "<group>"; };
		CCA1C2141C44DA7300965E09 /* AppDelegate.m */ = {isa = PBXFileReference; lastKnownFileType = sourcecode.c.objc; path = AppDelegate.m; sourceTree = "<group>"; };
		CCA1C2161C44DA7300965E09 /* ViewController.h */ = {isa = PBXFileReference; lastKnownFileType = sourcecode.c.h; path = ViewController.h; sourceTree = "<group>"; };
		CCA1C2171C44DA7300965E09 /* ViewController.m */ = {isa = PBXFileReference; lastKnownFileType = sourcecode.c.objc; path = ViewController.m; sourceTree = "<group>"; };
		CCA1C21A1C44DA7300965E09 /* Base */ = {isa = PBXFileReference; lastKnownFileType = file.storyboard; name = Base; path = Base.lproj/Main.storyboard; sourceTree = "<group>"; };
		CCA1C21C1C44DA7300965E09 /* Assets.xcassets */ = {isa = PBXFileReference; lastKnownFileType = folder.assetcatalog; path = Assets.xcassets; sourceTree = "<group>"; };
		CCA1C21F1C44DA7300965E09 /* Base */ = {isa = PBXFileReference; lastKnownFileType = file.storyboard; name = Base; path = Base.lproj/LaunchScreen.storyboard; sourceTree = "<group>"; };
		CCA1C2211C44DA7300965E09 /* Info.plist */ = {isa = PBXFileReference; lastKnownFileType = text.plist.xml; path = Info.plist; sourceTree = "<group>"; };
		E47EBF6FF07169B26D156C9F /* Pods.release.xcconfig */ = {isa = PBXFileReference; includeInIndex = 1; lastKnownFileType = text.xcconfig; name = Pods.release.xcconfig; path = "Pods/Target Support Files/Pods/Pods.release.xcconfig"; sourceTree = "<group>"; };
/* End PBXFileReference section */

/* Begin PBXFrameworksBuildPhase section */
		CCA1C20A1C44DA7300965E09 /* Frameworks */ = {
			isa = PBXFrameworksBuildPhase;
			buildActionMask = 2147483647;
			files = (
				AD60A67D63E025D904922AE0 /* libPods.a in Frameworks */,
			);
			runOnlyForDeploymentPostprocessing = 0;
		};
/* End PBXFrameworksBuildPhase section */

/* Begin PBXGroup section */
		3B751E947C8E74AA201C3D16 /* Frameworks */ = {
			isa = PBXGroup;
			children = (
				150E55342652F7BA7A8E745E /* libPods.a */,
			);
			name = Frameworks;
			sourceTree = "<group>";
		};
		CCA1C2041C44DA7300965E09 = {
			isa = PBXGroup;
			children = (
				CCA1C20F1C44DA7300965E09 /* test-20160112-01 */,
				CCA1C20E1C44DA7300965E09 /* Products */,
				DD314EAEF3AE525D4144ACE1 /* Pods */,
				3B751E947C8E74AA201C3D16 /* Frameworks */,
			);
			sourceTree = "<group>";
		};
		CCA1C20E1C44DA7300965E09 /* Products */ = {
			isa = PBXGroup;
			children = (
				CCA1C20D1C44DA7300965E09 /* test-20160112-01.app */,
			);
			name = Products;
			sourceTree = "<group>";
		};
		CCA1C20F1C44DA7300965E09 /* test-20160112-01 */ = {
			isa = PBXGroup;
			children = (
				CCA1C2131C44DA7300965E09 /* AppDelegate.h */,
				CCA1C2141C44DA7300965E09 /* AppDelegate.m */,
				CCA1C2161C44DA7300965E09 /* ViewController.h */,
				CCA1C2171C44DA7300965E09 /* ViewController.m */,
				CCA1C2191C44DA7300965E09 /* Main.storyboard */,
				CCA1C21C1C44DA7300965E09 /* Assets.xcassets */,
				CCA1C21E1C44DA7300965E09 /* LaunchScreen.storyboard */,
				CCA1C2211C44DA7300965E09 /* Info.plist */,
				CCA1C2101C44DA7300965E09 /* Supporting Files */,
			);
			path = "test-20160112-01";
			sourceTree = "<group>";
		};
		CCA1C2101C44DA7300965E09 /* Supporting Files */ = {
			isa = PBXGroup;
			children = (
				CCA1C2111C44DA7300965E09 /* main.m */,
			);
			name = "Supporting Files";
			sourceTree = "<group>";
		};
		DD314EAEF3AE525D4144ACE1 /* Pods */ = {
			isa = PBXGroup;
			children = (
				123ED1DFBB463554732326BA /* Pods.debug.xcconfig */,
				E47EBF6FF07169B26D156C9F /* Pods.release.xcconfig */,
			);
			name = Pods;
			sourceTree = "<group>";
		};
/* End PBXGroup section */

/* Begin PBXNativeTarget section */
		CCA1C20C1C44DA7300965E09 /* test-20160112-01 */ = {
			isa = PBXNativeTarget;
			buildConfigurationList = CCA1C2241C44DA7300965E09 /* Build configuration list for PBXNativeTarget "test-20160112-01" */;
			buildPhases = (
				E56268F77714F3D227AFECA7 /* Check Pods Manifest.lock */,
				CCA1C2091C44DA7300965E09 /* Sources */,
				CCA1C20A1C44DA7300965E09 /* Frameworks */,
				CCA1C20B1C44DA7300965E09 /* Resources */,
				D465BC96CC9FCC873DCEE6EF /* Embed Pods Frameworks */,
				03A487E128414D829CDB4700 /* Copy Pods Resources */,
			);
			buildRules = (
			);
			dependencies = (
			);
			name = "test-20160112-01";
			productName = "test-20160112-01";
			productReference = CCA1C20D1C44DA7300965E09 /* test-20160112-01.app */;
			productType = "com.apple.product-type.application";
		};
/* End PBXNativeTarget section */

/* Begin PBXProject section */
		CCA1C2051C44DA7300965E09 /* Project object */ = {
			isa = PBXProject;
			attributes = {
				LastUpgradeCheck = 0720;
				ORGANIZATIONNAME = qy15092;
				TargetAttributes = {
					CCA1C20C1C44DA7300965E09 = {
						CreatedOnToolsVersion = 7.2;
					};
				};
			};
			buildConfigurationList = CCA1C2081C44DA7300965E09 /* Build configuration list for PBXProject "test-20160112-01" */;
			compatibilityVersion = "Xcode 3.2";
			developmentRegion = English;
			hasScannedForEncodings = 0;
			knownRegions = (
				en,
				Base,
			);
			mainGroup = CCA1C2041C44DA7300965E09;
			productRefGroup = CCA1C20E1C44DA7300965E09 /* Products */;
			projectDirPath = "";
			projectRoot = "";
			targets = (
				CCA1C20C1C44DA7300965E09 /* test-20160112-01 */,
			);
		};
/* End PBXProject section */

/* Begin PBXResourcesBuildPhase section */
		CCA1C20B1C44DA7300965E09 /* Resources */ = {
			isa = PBXResourcesBuildPhase;
			buildActionMask = 2147483647;
			files = (
				CCA1C2201C44DA7300965E09 /* LaunchScreen.storyboard in Resources */,
				CCA1C21D1C44DA7300965E09 /* Assets.xcassets in Resources */,
				CCA1C21B1C44DA7300965E09 /* Main.storyboard in Resources */,
			);
			runOnlyForDeploymentPostprocessing = 0;
		};
/* End PBXResourcesBuildPhase section */

/* Begin PBXShellScriptBuildPhase section */
		03A487E128414D829CDB4700 /* Copy Pods Resources */ = {
			isa = PBXShellScriptBuildPhase;
			buildActionMask = 2147483647;
			files = (
			);
			inputPaths = (
			);
			name = "Copy Pods Resources";
			outputPaths = (
			);
			runOnlyForDeploymentPostprocessing = 0;
			shellPath = /bin/sh;
			shellScript = "\"${SRCROOT}/Pods/Target Support Files/Pods/Pods-resources.sh\"\n";
			showEnvVarsInLog = 0;
		};
		D465BC96CC9FCC873DCEE6EF /* Embed Pods Frameworks */ = {
			isa = PBXShellScriptBuildPhase;
			buildActionMask = 2147483647;
			files = (
			);
			inputPaths = (
			);
			name = "Embed Pods Frameworks";
			outputPaths = (
			);
			runOnlyForDeploymentPostprocessing = 0;
			shellPath = /bin/sh;
			shellScript = "\"${SRCROOT}/Pods/Target Support Files/Pods/Pods-frameworks.sh\"\n";
			showEnvVarsInLog = 0;
		};
		E56268F77714F3D227AFECA7 /* Check Pods Manifest.lock */ = {
			isa = PBXShellScriptBuildPhase;
			buildActionMask = 2147483647;
			files = (
			);
			inputPaths = (
			);
			name = "Check Pods Manifest.lock";
			outputPaths = (
			);
			runOnlyForDeploymentPostprocessing = 0;
			shellPath = /bin/sh;
			shellScript = "diff \"${PODS_ROOT}/../Podfile.lock\" \"${PODS_ROOT}/Manifest.lock\" > /dev/null\nif [[ $? != 0 ]] ; then\n    cat << EOM\nerror: The sandbox is not in sync with the Podfile.lock. Run 'pod install' or update your CocoaPods installation.\nEOM\n    exit 1\nfi\n";
			showEnvVarsInLog = 0;
		};
/* End PBXShellScriptBuildPhase section */

/* Begin PBXSourcesBuildPhase section */
		CCA1C2091C44DA7300965E09 /* Sources */ = {
			isa = PBXSourcesBuildPhase;
			buildActionMask = 2147483647;
			files = (
				CCA1C2181C44DA7300965E09 /* ViewController.m in Sources */,
				CCA1C2151C44DA7300965E09 /* AppDelegate.m in Sources */,
				CCA1C2121C44DA7300965E09 /* main.m in Sources */,
			);
			runOnlyForDeploymentPostprocessing = 0;
		};
/* End PBXSourcesBuildPhase section */

/* Begin PBXVariantGroup section */
		CCA1C2191C44DA7300965E09 /* Main.storyboard */ = {
			isa = PBXVariantGroup;
			children = (
				CCA1C21A1C44DA7300965E09 /* Base */,
			);
			name = Main.storyboard;
			sourceTree = "<group>";
		};
		CCA1C21E1C44DA7300965E09 /* LaunchScreen.storyboard */ = {
			isa = PBXVariantGroup;
			children = (
				CCA1C21F1C44DA7300965E09 /* Base */,
			);
			name = LaunchScreen.storyboard;
			sourceTree = "<group>";
		};
/* End PBXVariantGroup section */

/* Begin XCBuildConfiguration section */
		CCA1C2221C44DA7300965E09 /* Debug */ = {
			isa = XCBuildConfiguration;
			buildSettings = {
				ALWAYS_SEARCH_USER_PATHS = NO;
				CLANG_CXX_LANGUAGE_STANDARD = "gnu++0x";
				CLANG_CXX_LIBRARY = "libc++";
				CLANG_ENABLE_MODULES = YES;
				CLANG_ENABLE_OBJC_ARC = YES;
				CLANG_WARN_BOOL_CONVERSION = YES;
				CLANG_WARN_CONSTANT_CONVERSION = YES;
				CLANG_WARN_DIRECT_OBJC_ISA_USAGE = YES_ERROR;
				CLANG_WARN_EMPTY_BODY = YES;
				CLANG_WARN_ENUM_CONVERSION = YES;
				CLANG_WARN_INT_CONVERSION = YES;
				CLANG_WARN_OBJC_ROOT_CLASS = YES_ERROR;
				CLANG_WARN_UNREACHABLE_CODE = YES;
				CLANG_WARN__DUPLICATE_METHOD_MATCH = YES;
				"CODE_SIGN_IDENTITY[sdk=iphoneos*]" = "iPhone Developer";
				COPY_PHASE_STRIP = NO;
				DEBUG_INFORMATION_FORMAT = dwarf;
				ENABLE_STRICT_OBJC_MSGSEND = YES;
				ENABLE_TESTABILITY = YES;
				GCC_C_LANGUAGE_STANDARD = gnu99;
				GCC_DYNAMIC_NO_PIC = NO;
				GCC_NO_COMMON_BLOCKS = YES;
				GCC_OPTIMIZATION_LEVEL = 0;
				GCC_PREPROCESSOR_DEFINITIONS = (
					"DEBUG=1",
					"$(inherited)",
				);
				GCC_WARN_64_TO_32_BIT_CONVERSION = YES;
				GCC_WARN_ABOUT_RETURN_TYPE = YES_ERROR;
				GCC_WARN_UNDECLARED_SELECTOR = YES;
				GCC_WARN_UNINITIALIZED_AUTOS = YES_AGGRESSIVE;
				GCC_WARN_UNUSED_FUNCTION = YES;
				GCC_WARN_UNUSED_VARIABLE = YES;
				IPHONEOS_DEPLOYMENT_TARGET = 9.2;
				MTL_ENABLE_DEBUG_INFO = YES;
				ONLY_ACTIVE_ARCH = YES;
				SDKROOT = iphoneos;
			};
			name = Debug;
		};
		CCA1C2231C44DA7300965E09 /* Release */ = {
			isa = XCBuildConfiguration;
			buildSettings = {
				ALWAYS_SEARCH_USER_PATHS = NO;
				CLANG_CXX_LANGUAGE_STANDARD = "gnu++0x";
				CLANG_CXX_LIBRARY = "libc++";
				CLANG_ENABLE_MODULES = YES;
				CLANG_ENABLE_OBJC_ARC = YES;
				CLANG_WARN_BOOL_CONVERSION = YES;
				CLANG_WARN_CONSTANT_CONVERSION = YES;
				CLANG_WARN_DIRECT_OBJC_ISA_USAGE = YES_ERROR;
				CLANG_WARN_EMPTY_BODY = YES;
				CLANG_WARN_ENUM_CONVERSION = YES;
				CLANG_WARN_INT_CONVERSION = YES;
				CLANG_WARN_OBJC_ROOT_CLASS = YES_ERROR;
				CLANG_WARN_UNREACHABLE_CODE = YES;
				CLANG_WARN__DUPLICATE_METHOD_MATCH = YES;
				"CODE_SIGN_IDENTITY[sdk=iphoneos*]" = "iPhone Developer";
				COPY_PHASE_STRIP = NO;
				DEBUG_INFORMATION_FORMAT = "dwarf-with-dsym";
				ENABLE_NS_ASSERTIONS = NO;
				ENABLE_STRICT_OBJC_MSGSEND = YES;
				GCC_C_LANGUAGE_STANDARD = gnu99;
				GCC_NO_COMMON_BLOCKS = YES;
				GCC_WARN_64_TO_32_BIT_CONVERSION = YES;
				GCC_WARN_ABOUT_RETURN_TYPE = YES_ERROR;
				GCC_WARN_UNDECLARED_SELECTOR = YES;
				GCC_WARN_UNINITIALIZED_AUTOS = YES_AGGRESSIVE;
				GCC_WARN_UNUSED_FUNCTION = YES;
				GCC_WARN_UNUSED_VARIABLE = YES;
				IPHONEOS_DEPLOYMENT_TARGET = 9.2;
				MTL_ENABLE_DEBUG_INFO = NO;
				SDKROOT = iphoneos;
				VALIDATE_PRODUCT = YES;
			};
			name = Release;
		};
		CCA1C2251C44DA7300965E09 /* Debug */ = {
			isa = XCBuildConfiguration;
			baseConfigurationReference = 123ED1DFBB463554732326BA /* Pods.debug.xcconfig */;
			buildSettings = {
				ASSETCATALOG_COMPILER_APPICON_NAME = AppIcon;
				INFOPLIST_FILE = "test-20160112-01/Info.plist";
				LD_RUNPATH_SEARCH_PATHS = "$(inherited) @executable_path/Frameworks";
				PRODUCT_BUNDLE_IDENTIFIER = "com.qy15092.test-20160112-01";
				PRODUCT_NAME = "$(TARGET_NAME)";
			};
			name = Debug;
		};
		CCA1C2261C44DA7300965E09 /* Release */ = {
			isa = XCBuildConfiguration;
			baseConfigurationReference = E47EBF6FF07169B26D156C9F /* Pods.release.xcconfig */;
			buildSettings = {
				ASSETCATALOG_COMPILER_APPICON_NAME = AppIcon;
				INFOPLIST_FILE = "test-20160112-01/Info.plist";
				LD_RUNPATH_SEARCH_PATHS = "$(inherited) @executable_path/Frameworks";
				PRODUCT_BUNDLE_IDENTIFIER = "com.qy15092.test-20160112-01";
				PRODUCT_NAME = "$(TARGET_NAME)";
			};
			name = Release;
		};
/* End XCBuildConfiguration section */

/* Begin XCConfigurationList section */
		CCA1C2081C44DA7300965E09 /* Build configuration list for PBXProject "test-20160112-01" */ = {
			isa = XCConfigurationList;
			buildConfigurations = (
				CCA1C2221C44DA7300965E09 /* Debug */,
				CCA1C2231C44DA7300965E09 /* Release */,
			);
			defaultConfigurationIsVisible = 0;
			defaultConfigurationName = Release;
		};
		CCA1C2241C44DA7300965E09 /* Build configuration list for PBXNativeTarget "test-20160112-01" */ = {
			isa = XCConfigurationList;
			buildConfigurations = (
				CCA1C2251C44DA7300965E09 /* Debug */,
				CCA1C2261C44DA7300965E09 /* Release */,
			);
			defaultConfigurationIsVisible = 0;
			defaultConfigurationName = Release;
		};
/* End XCConfigurationList section */
	};
	rootObject = CCA1C2051C44DA7300965E09 /* Project object */;
}
